// !$*UTF8*$!
{
	archiveVersion = 1;
	classes = {
	};
	objectVersion = 46;
	objects = {

/* Begin PBXBuildFile section */
		048752311F0A7ADD00A3A11F /* AppDelegate.swift in Sources */ = {isa = PBXBuildFile; fileRef = 048752301F0A7ADD00A3A11F /* AppDelegate.swift */; };
		048752331F0A7ADD00A3A11F /* ViewController.swift in Sources */ = {isa = PBXBuildFile; fileRef = 048752321F0A7ADD00A3A11F /* ViewController.swift */; };
		048752361F0A7ADD00A3A11F /* Main.storyboard in Resources */ = {isa = PBXBuildFile; fileRef = 048752341F0A7ADD00A3A11F /* Main.storyboard */; };
		048752391F0A7ADD00A3A11F /* myUdTravelMapBook.xcdatamodeld in Sources */ = {isa = PBXBuildFile; fileRef = 048752371F0A7ADD00A3A11F /* myUdTravelMapBook.xcdatamodeld */; };
		0487523B1F0A7ADD00A3A11F /* Assets.xcassets in Resources */ = {isa = PBXBuildFile; fileRef = 0487523A1F0A7ADD00A3A11F /* Assets.xcassets */; };
		0487523E1F0A7ADD00A3A11F /* LaunchScreen.storyboard in Resources */ = {isa = PBXBuildFile; fileRef = 0487523C1F0A7ADD00A3A11F /* LaunchScreen.storyboard */; };
		048752471F0AACF700A3A11F /* CoreLocation.framework in Frameworks */ = {isa = PBXBuildFile; fileRef = 048752461F0AACF700A3A11F /* CoreLocation.framework */; };
		0487524B1F0AB4F300A3A11F /* FirstViewController.swift in Sources */ = {isa = PBXBuildFile; fileRef = 0487524A1F0AB4F300A3A11F /* FirstViewController.swift */; };
/* End PBXBuildFile section */

/* Begin PBXFileReference section */
		0487522D1F0A7ADD00A3A11F /* myUdTravelMapBook.app */ = {isa = PBXFileReference; explicitFileType = wrapper.application; includeInIndex = 0; path = myUdTravelMapBook.app; sourceTree = BUILT_PRODUCTS_DIR; };
		048752301F0A7ADD00A3A11F /* AppDelegate.swift */ = {isa = PBXFileReference; lastKnownFileType = sourcecode.swift; path = AppDelegate.swift; sourceTree = "<group>"; };
		048752321F0A7ADD00A3A11F /* ViewController.swift */ = {isa = PBXFileReference; lastKnownFileType = sourcecode.swift; path = ViewController.swift; sourceTree = "<group>"; };
		048752351F0A7ADD00A3A11F /* Base */ = {isa = PBXFileReference; lastKnownFileType = file.storyboard; name = Base; path = Base.lproj/Main.storyboard; sourceTree = "<group>"; };
		048752381F0A7ADD00A3A11F /* myUdTravelMapBook.xcdatamodel */ = {isa = PBXFileReference; lastKnownFileType = wrapper.xcdatamodel; path = myUdTravelMapBook.xcdatamodel; sourceTree = "<group>"; };
		0487523A1F0A7ADD00A3A11F /* Assets.xcassets */ = {isa = PBXFileReference; lastKnownFileType = folder.assetcatalog; path = Assets.xcassets; sourceTree = "<group>"; };
		0487523D1F0A7ADD00A3A11F /* Base */ = {isa = PBXFileReference; lastKnownFileType = file.storyboard; name = Base; path = Base.lproj/LaunchScreen.storyboard; sourceTree = "<group>"; };
		0487523F1F0A7ADD00A3A11F /* Info.plist */ = {isa = PBXFileReference; lastKnownFileType = text.plist.xml; path = Info.plist; sourceTree = "<group>"; };
		048752461F0AACF700A3A11F /* CoreLocation.framework */ = {isa = PBXFileReference; lastKnownFileType = wrapper.framework; name = CoreLocation.framework; path = System/Library/Frameworks/CoreLocation.framework; sourceTree = SDKROOT; };
		0487524A1F0AB4F300A3A11F /* FirstViewController.swift */ = {isa = PBXFileReference; fileEncoding = 4; lastKnownFileType = sourcecode.swift; path = FirstViewController.swift; sourceTree = "<group>"; };
/* End PBXFileReference section */

/* Begin PBXFrameworksBuildPhase section */
		0487522A1F0A7ADD00A3A11F /* Frameworks */ = {
			isa = PBXFrameworksBuildPhase;
			buildActionMask = 2147483647;
			files = (
				048752471F0AACF700A3A11F /* CoreLocation.framework in Frameworks */,
			);
			runOnlyForDeploymentPostprocessing = 0;
		};
/* End PBXFrameworksBuildPhase section */

/* Begin PBXGroup section */
		048752241F0A7ADD00A3A11F = {
			isa = PBXGroup;
			children = (
				0487522F1F0A7ADD00A3A11F /* myUdTravelMapBook */,
				0487522E1F0A7ADD00A3A11F /* Products */,
				048752451F0AACF700A3A11F /* Frameworks */,
			);
			sourceTree = "<group>";
		};
		0487522E1F0A7ADD00A3A11F /* Products */ = {
			isa = PBXGroup;
			children = (
				0487522D1F0A7ADD00A3A11F /* myUdTravelMapBook.app */,
			);
			name = Products;
			sourceTree = "<group>";
		};
		0487522F1F0A7ADD00A3A11F /* myUdTravelMapBook */ = {
			isa = PBXGroup;
			children = (
				048752301F0A7ADD00A3A11F /* AppDelegate.swift */,
				048752321F0A7ADD00A3A11F /* ViewController.swift */,
				0487524A1F0AB4F300A3A11F /* FirstViewController.swift */,
				048752341F0A7ADD00A3A11F /* Main.storyboard */,
				0487523A1F0A7ADD00A3A11F /* Assets.xcassets */,
				0487523C1F0A7ADD00A3A11F /* LaunchScreen.storyboard */,
				0487523F1F0A7ADD00A3A11F /* Info.plist */,
				048752371F0A7ADD00A3A11F /* myUdTravelMapBook.xcdatamodeld */,
			);
			path = myUdTravelMapBook;
			sourceTree = "<group>";
		};
		048752451F0AACF700A3A11F /* Frameworks */ = {
			isa = PBXGroup;
			children = (
				048752461F0AACF700A3A11F /* CoreLocation.framework */,
			);
			name = Frameworks;
			sourceTree = "<group>";
		};
/* End PBXGroup section */

/* Begin PBXNativeTarget section */
		0487522C1F0A7ADD00A3A11F /* myUdTravelMapBook */ = {
			isa = PBXNativeTarget;
			buildConfigurationList = 048752421F0A7ADD00A3A11F /* Build configuration list for PBXNativeTarget "myUdTravelMapBook" */;
			buildPhases = (
				048752291F0A7ADD00A3A11F /* Sources */,
				0487522A1F0A7ADD00A3A11F /* Frameworks */,
				0487522B1F0A7ADD00A3A11F /* Resources */,
			);
			buildRules = (
			);
			dependencies = (
			);
			name = myUdTravelMapBook;
			productName = myUdTravelMapBook;
			productReference = 0487522D1F0A7ADD00A3A11F /* myUdTravelMapBook.app */;
			productType = "com.apple.product-type.application";
		};
/* End PBXNativeTarget section */

/* Begin PBXProject section */
		048752251F0A7ADD00A3A11F /* Project object */ = {
			isa = PBXProject;
			attributes = {
				LastSwiftUpdateCheck = 0830;
				LastUpgradeCheck = 0830;
				ORGANIZATIONNAME = chang;
				TargetAttributes = {
					0487522C1F0A7ADD00A3A11F = {
						CreatedOnToolsVersion = 8.3.2;
						DevelopmentTeam = V7466QEVQE;
						ProvisioningStyle = Automatic;
						SystemCapabilities = {
							com.apple.BackgroundModes = {
								enabled = 0;
							};
							com.apple.Maps.iOS = {
								enabled = 0;
							};
						};
					};
				};
			};
			buildConfigurationList = 048752281F0A7ADD00A3A11F /* Build configuration list for PBXProject "myUdTravelMapBook" */;
			compatibilityVersion = "Xcode 3.2";
			developmentRegion = English;
			hasScannedForEncodings = 0;
			knownRegions = (
				en,
				Base,
			);
			mainGroup = 048752241F0A7ADD00A3A11F;
			productRefGroup = 0487522E1F0A7ADD00A3A11F /* Products */;
			projectDirPath = "";
			projectRoot = "";
			targets = (
				0487522C1F0A7ADD00A3A11F /* myUdTravelMapBook */,
			);
		};
/* End PBXProject section */

/* Begin PBXResourcesBuildPhase section */
		0487522B1F0A7ADD00A3A11F /* Resources */ = {
			isa = PBXResourcesBuildPhase;
			buildActionMask = 2147483647;
			files = (
				0487523E1F0A7ADD00A3A11F /* LaunchScreen.storyboard in Resources */,
				0487523B1F0A7ADD00A3A11F /* Assets.xcassets in Resources */,
				048752361F0A7ADD00A3A11F /* Main.storyboard in Resources */,
			);
			runOnlyForDeploymentPostprocessing = 0;
		};
/* End PBXResourcesBuildPhase section */

/* Begin PBXSourcesBuildPhase section */
		048752291F0A7ADD00A3A11F /* Sources */ = {
			isa = PBXSourcesBuildPhase;
			buildActionMask = 2147483647;
			files = (
				048752331F0A7ADD00A3A11F /* ViewController.swift in Sources */,
				048752391F0A7ADD00A3A11F /* myUdTravelMapBook.xcdatamodeld in Sources */,
				048752311F0A7ADD00A3A11F /* AppDelegate.swift in Sources */,
				0487524B1F0AB4F300A3A11F /* FirstViewController.swift in Sources */,
			);
			runOnlyForDeploymentPostprocessing = 0;
		};
/* End PBXSourcesBuildPhase section */

/* Begin PBXVariantGroup section */
		048752341F0A7ADD00A3A11F /* Main.storyboard */ = {
			isa = PBXVariantGroup;
			children = (
				048752351F0A7ADD00A3A11F /* Base */,
			);
			name = Main.storyboard;
			sourceTree = "<group>";
		};
		0487523C1F0A7ADD00A3A11F /* LaunchScreen.storyboard */ = {
			isa = PBXVariantGroup;
			children = (
				0487523D1F0A7ADD00A3A11F /* Base */,
			);
			name = LaunchScreen.storyboard;
			sourceTree = "<group>";
		};
/* End PBXVariantGroup section */

/* Begin XCBuildConfiguration section */
		048752401F0A7ADD00A3A11F /* Debug */ = {
			isa = XCBuildConfiguration;
			buildSettings = {
				ALWAYS_SEARCH_USER_PATHS = NO;
				CLANG_ANALYZER_NONNULL = YES;
				CLANG_ANALYZER_NUMBER_OBJECT_CONVERSION = YES_AGGRESSIVE;
				CLANG_CXX_LANGUAGE_STANDARD = "gnu++0x";
				CLANG_CXX_LIBRARY = "libc++";
				CLANG_ENABLE_MODULES = YES;
				CLANG_ENABLE_OBJC_ARC = YES;
				CLANG_WARN_BOOL_CONVERSION = YES;
				CLANG_WARN_CONSTANT_CONVERSION = YES;
				CLANG_WARN_DIRECT_OBJC_ISA_USAGE = YES_ERROR;
				CLANG_WARN_DOCUMENTATION_COMMENTS = YES;
				CLANG_WARN_EMPTY_BODY = YES;
				CLANG_WARN_ENUM_CONVERSION = YES;
				CLANG_WARN_INFINITE_RECURSION = YES;
				CLANG_WARN_INT_CONVERSION = YES;
				CLANG_WARN_OBJC_ROOT_CLASS = YES_ERROR;
				CLANG_WARN_SUSPICIOUS_MOVE = YES;
				CLANG_WARN_UNREACHABLE_CODE = YES;
				CLANG_WARN__DUPLICATE_METHOD_MATCH = YES;
				"CODE_SIGN_IDENTITY[sdk=iphoneos*]" = "iPhone Developer";
				COPY_PHASE_STRIP = NO;
				DEBUG_INFORMATION_FORMAT = dwarf;
				ENABLE_STRICT_OBJC_MSGSEND = YES;
				ENABLE_TESTABILITY = YES;
				GCC_C_LANGUAGE_STANDARD = gnu99;
				GCC_DYNAMIC_NO_PIC = NO;
				GCC_NO_COMMON_BLOCKS = YES;
				GCC_OPTIMIZATION_LEVEL = 0;
				GCC_PREPROCESSOR_DEFINITIONS = (
					"DEBUG=1",
					"$(inherited)",
				);
				GCC_WARN_64_TO_32_BIT_CONVERSION = YES;
				GCC_WARN_ABOUT_RETURN_TYPE = YES_ERROR;
				GCC_WARN_UNDECLARED_SELECTOR = YES;
				GCC_WARN_UNINITIALIZED_AUTOS = YES_AGGRESSIVE;
				GCC_WARN_UNUSED_FUNCTION = YES;
				GCC_WARN_UNUSED_VARIABLE = YES;
				IPHONEOS_DEPLOYMENT_TARGET = 10.3;
				MTL_ENABLE_DEBUG_INFO = YES;
				ONLY_ACTIVE_ARCH = YES;
				SDKROOT = iphoneos;
				SWIFT_ACTIVE_COMPILATION_CONDITIONS = DEBUG;
				SWIFT_OPTIMIZATION_LEVEL = "-Onone";
				TARGETED_DEVICE_FAMILY = "1,2";
			};
			name = Debug;
		};
		048752411F0A7ADD00A3A11F /* Release */ = {
			isa = XCBuildConfiguration;
			buildSettings = {
				ALWAYS_SEARCH_USER_PATHS = NO;
				CLANG_ANALYZER_NONNULL = YES;
				CLANG_ANALYZER_NUMBER_OBJECT_CONVERSION = YES_AGGRESSIVE;
				CLANG_CXX_LANGUAGE_STANDARD = "gnu++0x";
				CLANG_CXX_LIBRARY = "libc++";
				CLANG_ENABLE_MODULES = YES;
				CLANG_ENABLE_OBJC_ARC = YES;
				CLANG_WARN_BOOL_CONVERSION = YES;
				CLANG_WARN_CONSTANT_CONVERSION = YES;
				CLANG_WARN_DIRECT_OBJC_ISA_USAGE = YES_ERROR;
				CLANG_WARN_DOCUMENTATION_COMMENTS = YES;
				CLANG_WARN_EMPTY_BODY = YES;
				CLANG_WARN_ENUM_CONVERSION = YES;
				CLANG_WARN_INFINITE_RECURSION = YES;
				CLANG_WARN_INT_CONVERSION = YES;
				CLANG_WARN_OBJC_ROOT_CLASS = YES_ERROR;
				CLANG_WARN_SUSPICIOUS_MOVE = YES;
				CLANG_WARN_UNREACHABLE_CODE = YES;
				CLANG_WARN__DUPLICATE_METHOD_MATCH = YES;
				"CODE_SIGN_IDENTITY[sdk=iphoneos*]" = "iPhone Developer";
				COPY_PHASE_STRIP = NO;
				DEBUG_INFORMATION_FORMAT = "dwarf-with-dsym";
				ENABLE_NS_ASSERTIONS = NO;
				ENABLE_STRICT_OBJC_MSGSEND = YES;
				GCC_C_LANGUAGE_STANDARD = gnu99;
				GCC_NO_COMMON_BLOCKS = YES;
				GCC_WARN_64_TO_32_BIT_CONVERSION = YES;
				GCC_WARN_ABOUT_RETURN_TYPE = YES_ERROR;
				GCC_WARN_UNDECLARED_SELECTOR = YES;
				GCC_WARN_UNINITIALIZED_AUTOS = YES_AGGRESSIVE;
				GCC_WARN_UNUSED_FUNCTION = YES;
				GCC_WARN_UNUSED_VARIABLE = YES;
				IPHONEOS_DEPLOYMENT_TARGET = 10.3;
				MTL_ENABLE_DEBUG_INFO = NO;
				SDKROOT = iphoneos;
				SWIFT_OPTIMIZATION_LEVEL = "-Owholemodule";
				TARGETED_DEVICE_FAMILY = "1,2";
				VALIDATE_PRODUCT = YES;
			};
			name = Release;
		};
		048752431F0A7ADD00A3A11F /* Debug */ = {
			isa = XCBuildConfiguration;
			buildSettings = {
				ASSETCATALOG_COMPILER_APPICON_NAME = AppIcon;
				DEVELOPMENT_TEAM = V7466QEVQE;
				INFOPLIST_FILE = myUdTravelMapBook/Info.plist;
				LD_RUNPATH_SEARCH_PATHS = "$(inherited) @executable_path/Frameworks";
				PRODUCT_BUNDLE_IDENTIFIER = tw.chang.myUdTravelMapBook;
				PRODUCT_NAME = "$(TARGET_NAME)";
				SWIFT_VERSION = 3.0;
			};
			name = Debug;
		};
		048752441F0A7ADD00A3A11F /* Release */ = {
			isa = XCBuildConfiguration;
			buildSettings = {
				ASSETCATALOG_COMPILER_APPICON_NAME = AppIcon;
				DEVELOPMENT_TEAM = V7466QEVQE;
				INFOPLIST_FILE = myUdTravelMapBook/Info.plist;
				LD_RUNPATH_SEARCH_PATHS = "$(inherited) @executable_path/Frameworks";
				PRODUCT_BUNDLE_IDENTIFIER = tw.chang.myUdTravelMapBook;
				PRODUCT_NAME = "$(TARGET_NAME)";
				SWIFT_VERSION = 3.0;
			};
			name = Release;
		};
/* End XCBuildConfiguration section */

/* Begin XCConfigurationList section */
		048752281F0A7ADD00A3A11F /* Build configuration list for PBXProject "myUdTravelMapBook" */ = {
			isa = XCConfigurationList;
			buildConfigurations = (
				048752401F0A7ADD00A3A11F /* Debug */,
				048752411F0A7ADD00A3A11F /* Release */,
			);
			defaultConfigurationIsVisible = 0;
			defaultConfigurationName = Release;
		};
		048752421F0A7ADD00A3A11F /* Build configuration list for PBXNativeTarget "myUdTravelMapBook" */ = {
			isa = XCConfigurationList;
			buildConfigurations = (
				048752431F0A7ADD00A3A11F /* Debug */,
				048752441F0A7ADD00A3A11F /* Release */,
			);
			defaultConfigurationIsVisible = 0;
			defaultConfigurationName = Release;
		};
/* End XCConfigurationList section */

/* Begin XCVersionGroup section */
		048752371F0A7ADD00A3A11F /* myUdTravelMapBook.xcdatamodeld */ = {
			isa = XCVersionGroup;
			children = (
				048752381F0A7ADD00A3A11F /* myUdTravelMapBook.xcdatamodel */,
			);
			currentVersion = 048752381F0A7ADD00A3A11F /* myUdTravelMapBook.xcdatamodel */;
			path = myUdTravelMapBook.xcdatamodeld;
			sourceTree = "<group>";
			versionGroupType = wrapper.xcdatamodel;
		};
/* End XCVersionGroup section */
	};
	rootObject = 048752251F0A7ADD00A3A11F /* Project object */;
}
