// !$*UTF8*$!
{
	archiveVersion = 1;
	classes = {
	};
	objectVersion = 46;
	objects = {

/* Begin PBXBuildFile section */
		04557F271EFAC42F004A8143 /* AppDelegate.swift in Sources */ = {isa = PBXBuildFile; fileRef = 04557F261EFAC42F004A8143 /* AppDelegate.swift */; };
		04557F291EFAC42F004A8143 /* ViewController.swift in Sources */ = {isa = PBXBuildFile; fileRef = 04557F281EFAC42F004A8143 /* ViewController.swift */; };
		04557F2C1EFAC42F004A8143 /* Main.storyboard in Resources */ = {isa = PBXBuildFile; fileRef = 04557F2A1EFAC42F004A8143 /* Main.storyboard */; };
		04557F2E1EFAC42F004A8143 /* Assets.xcassets in Resources */ = {isa = PBXBuildFile; fileRef = 04557F2D1EFAC42F004A8143 /* Assets.xcassets */; };
		04557F311EFAC42F004A8143 /* LaunchScreen.storyboard in Resources */ = {isa = PBXBuildFile; fileRef = 04557F2F1EFAC42F004A8143 /* LaunchScreen.storyboard */; };
		04557F3A1EFBDCFF004A8143 /* level1.txt in Resources */ = {isa = PBXBuildFile; fileRef = 04557F381EFBDCFF004A8143 /* level1.txt */; };
		04557F3B1EFBDCFF004A8143 /* level2.txt in Resources */ = {isa = PBXBuildFile; fileRef = 04557F391EFBDCFF004A8143 /* level2.txt */; };
/* End PBXBuildFile section */

/* Begin PBXFileReference section */
		04557F231EFAC42F004A8143 /* hw8SwifyWords.app */ = {isa = PBXFileReference; explicitFileType = wrapper.application; includeInIndex = 0; path = hw8SwifyWords.app; sourceTree = BUILT_PRODUCTS_DIR; };
		04557F261EFAC42F004A8143 /* AppDelegate.swift */ = {isa = PBXFileReference; lastKnownFileType = sourcecode.swift; path = AppDelegate.swift; sourceTree = "<group>"; };
		04557F281EFAC42F004A8143 /* ViewController.swift */ = {isa = PBXFileReference; lastKnownFileType = sourcecode.swift; path = ViewController.swift; sourceTree = "<group>"; };
		04557F2B1EFAC42F004A8143 /* Base */ = {isa = PBXFileReference; lastKnownFileType = file.storyboard; name = Base; path = Base.lproj/Main.storyboard; sourceTree = "<group>"; };
		04557F2D1EFAC42F004A8143 /* Assets.xcassets */ = {isa = PBXFileReference; lastKnownFileType = folder.assetcatalog; path = Assets.xcassets; sourceTree = "<group>"; };
		04557F301EFAC42F004A8143 /* Base */ = {isa = PBXFileReference; lastKnownFileType = file.storyboard; name = Base; path = Base.lproj/LaunchScreen.storyboard; sourceTree = "<group>"; };
		04557F321EFAC42F004A8143 /* Info.plist */ = {isa = PBXFileReference; lastKnownFileType = text.plist.xml; path = Info.plist; sourceTree = "<group>"; };
		04557F381EFBDCFF004A8143 /* level1.txt */ = {isa = PBXFileReference; fileEncoding = 4; lastKnownFileType = text; path = level1.txt; sourceTree = "<group>"; };
		04557F391EFBDCFF004A8143 /* level2.txt */ = {isa = PBXFileReference; fileEncoding = 4; lastKnownFileType = text; path = level2.txt; sourceTree = "<group>"; };
/* End PBXFileReference section */

/* Begin PBXFrameworksBuildPhase section */
		04557F201EFAC42F004A8143 /* Frameworks */ = {
			isa = PBXFrameworksBuildPhase;
			buildActionMask = 2147483647;
			files = (
			);
			runOnlyForDeploymentPostprocessing = 0;
		};
/* End PBXFrameworksBuildPhase section */

/* Begin PBXGroup section */
		04557F1A1EFAC42F004A8143 = {
			isa = PBXGroup;
			children = (
				04557F251EFAC42F004A8143 /* hw8SwifyWords */,
				04557F241EFAC42F004A8143 /* Products */,
			);
			sourceTree = "<group>";
		};
		04557F241EFAC42F004A8143 /* Products */ = {
			isa = PBXGroup;
			children = (
				04557F231EFAC42F004A8143 /* hw8SwifyWords.app */,
			);
			name = Products;
			sourceTree = "<group>";
		};
		04557F251EFAC42F004A8143 /* hw8SwifyWords */ = {
			isa = PBXGroup;
			children = (
				04557F381EFBDCFF004A8143 /* level1.txt */,
				04557F391EFBDCFF004A8143 /* level2.txt */,
				04557F261EFAC42F004A8143 /* AppDelegate.swift */,
				04557F281EFAC42F004A8143 /* ViewController.swift */,
				04557F2A1EFAC42F004A8143 /* Main.storyboard */,
				04557F2D1EFAC42F004A8143 /* Assets.xcassets */,
				04557F2F1EFAC42F004A8143 /* LaunchScreen.storyboard */,
				04557F321EFAC42F004A8143 /* Info.plist */,
			);
			path = hw8SwifyWords;
			sourceTree = "<group>";
		};
/* End PBXGroup section */

/* Begin PBXNativeTarget section */
		04557F221EFAC42F004A8143 /* hw8SwifyWords */ = {
			isa = PBXNativeTarget;
			buildConfigurationList = 04557F351EFAC42F004A8143 /* Build configuration list for PBXNativeTarget "hw8SwifyWords" */;
			buildPhases = (
				04557F1F1EFAC42F004A8143 /* Sources */,
				04557F201EFAC42F004A8143 /* Frameworks */,
				04557F211EFAC42F004A8143 /* Resources */,
			);
			buildRules = (
			);
			dependencies = (
			);
			name = hw8SwifyWords;
			productName = hw8SwifyWords;
			productReference = 04557F231EFAC42F004A8143 /* hw8SwifyWords.app */;
			productType = "com.apple.product-type.application";
		};
/* End PBXNativeTarget section */

/* Begin PBXProject section */
		04557F1B1EFAC42F004A8143 /* Project object */ = {
			isa = PBXProject;
			attributes = {
				LastSwiftUpdateCheck = 0830;
				LastUpgradeCheck = 0830;
				ORGANIZATIONNAME = chang;
				TargetAttributes = {
					04557F221EFAC42F004A8143 = {
						CreatedOnToolsVersion = 8.3.2;
						DevelopmentTeam = V7466QEVQE;
						ProvisioningStyle = Automatic;
					};
				};
			};
			buildConfigurationList = 04557F1E1EFAC42F004A8143 /* Build configuration list for PBXProject "hw8SwifyWords" */;
			compatibilityVersion = "Xcode 3.2";
			developmentRegion = English;
			hasScannedForEncodings = 0;
			knownRegions = (
				en,
				Base,
			);
			mainGroup = 04557F1A1EFAC42F004A8143;
			productRefGroup = 04557F241EFAC42F004A8143 /* Products */;
			projectDirPath = "";
			projectRoot = "";
			targets = (
				04557F221EFAC42F004A8143 /* hw8SwifyWords */,
			);
		};
/* End PBXProject section */

/* Begin PBXResourcesBuildPhase section */
		04557F211EFAC42F004A8143 /* Resources */ = {
			isa = PBXResourcesBuildPhase;
			buildActionMask = 2147483647;
			files = (
				04557F3B1EFBDCFF004A8143 /* level2.txt in Resources */,
				04557F311EFAC42F004A8143 /* LaunchScreen.storyboard in Resources */,
				04557F3A1EFBDCFF004A8143 /* level1.txt in Resources */,
				04557F2E1EFAC42F004A8143 /* Assets.xcassets in Resources */,
				04557F2C1EFAC42F004A8143 /* Main.storyboard in Resources */,
			);
			runOnlyForDeploymentPostprocessing = 0;
		};
/* End PBXResourcesBuildPhase section */

/* Begin PBXSourcesBuildPhase section */
		04557F1F1EFAC42F004A8143 /* Sources */ = {
			isa = PBXSourcesBuildPhase;
			buildActionMask = 2147483647;
			files = (
				04557F291EFAC42F004A8143 /* ViewController.swift in Sources */,
				04557F271EFAC42F004A8143 /* AppDelegate.swift in Sources */,
			);
			runOnlyForDeploymentPostprocessing = 0;
		};
/* End PBXSourcesBuildPhase section */

/* Begin PBXVariantGroup section */
		04557F2A1EFAC42F004A8143 /* Main.storyboard */ = {
			isa = PBXVariantGroup;
			children = (
				04557F2B1EFAC42F004A8143 /* Base */,
			);
			name = Main.storyboard;
			sourceTree = "<group>";
		};
		04557F2F1EFAC42F004A8143 /* LaunchScreen.storyboard */ = {
			isa = PBXVariantGroup;
			children = (
				04557F301EFAC42F004A8143 /* Base */,
			);
			name = LaunchScreen.storyboard;
			sourceTree = "<group>";
		};
/* End PBXVariantGroup section */

/* Begin XCBuildConfiguration section */
		04557F331EFAC42F004A8143 /* Debug */ = {
			isa = XCBuildConfiguration;
			buildSettings = {
				ALWAYS_SEARCH_USER_PATHS = NO;
				CLANG_ANALYZER_NONNULL = YES;
				CLANG_ANALYZER_NUMBER_OBJECT_CONVERSION = YES_AGGRESSIVE;
				CLANG_CXX_LANGUAGE_STANDARD = "gnu++0x";
				CLANG_CXX_LIBRARY = "libc++";
				CLANG_ENABLE_MODULES = YES;
				CLANG_ENABLE_OBJC_ARC = YES;
				CLANG_WARN_BOOL_CONVERSION = YES;
				CLANG_WARN_CONSTANT_CONVERSION = YES;
				CLANG_WARN_DIRECT_OBJC_ISA_USAGE = YES_ERROR;
				CLANG_WARN_DOCUMENTATION_COMMENTS = YES;
				CLANG_WARN_EMPTY_BODY = YES;
				CLANG_WARN_ENUM_CONVERSION = YES;
				CLANG_WARN_INFINITE_RECURSION = YES;
				CLANG_WARN_INT_CONVERSION = YES;
				CLANG_WARN_OBJC_ROOT_CLASS = YES_ERROR;
				CLANG_WARN_SUSPICIOUS_MOVE = YES;
				CLANG_WARN_UNREACHABLE_CODE = YES;
				CLANG_WARN__DUPLICATE_METHOD_MATCH = YES;
				"CODE_SIGN_IDENTITY[sdk=iphoneos*]" = "iPhone Developer";
				COPY_PHASE_STRIP = NO;
				DEBUG_INFORMATION_FORMAT = dwarf;
				ENABLE_STRICT_OBJC_MSGSEND = YES;
				ENABLE_TESTABILITY = YES;
				GCC_C_LANGUAGE_STANDARD = gnu99;
				GCC_DYNAMIC_NO_PIC = NO;
				GCC_NO_COMMON_BLOCKS = YES;
				GCC_OPTIMIZATION_LEVEL = 0;
				GCC_PREPROCESSOR_DEFINITIONS = (
					"DEBUG=1",
					"$(inherited)",
				);
				GCC_WARN_64_TO_32_BIT_CONVERSION = YES;
				GCC_WARN_ABOUT_RETURN_TYPE = YES_ERROR;
				GCC_WARN_UNDECLARED_SELECTOR = YES;
				GCC_WARN_UNINITIALIZED_AUTOS = YES_AGGRESSIVE;
				GCC_WARN_UNUSED_FUNCTION = YES;
				GCC_WARN_UNUSED_VARIABLE = YES;
				IPHONEOS_DEPLOYMENT_TARGET = 10.3;
				MTL_ENABLE_DEBUG_INFO = YES;
				ONLY_ACTIVE_ARCH = YES;
				SDKROOT = iphoneos;
				SWIFT_ACTIVE_COMPILATION_CONDITIONS = DEBUG;
				SWIFT_OPTIMIZATION_LEVEL = "-Onone";
				TARGETED_DEVICE_FAMILY = "1,2";
			};
			name = Debug;
		};
		04557F341EFAC42F004A8143 /* Release */ = {
			isa = XCBuildConfiguration;
			buildSettings = {
				ALWAYS_SEARCH_USER_PATHS = NO;
				CLANG_ANALYZER_NONNULL = YES;
				CLANG_ANALYZER_NUMBER_OBJECT_CONVERSION = YES_AGGRESSIVE;
				CLANG_CXX_LANGUAGE_STANDARD = "gnu++0x";
				CLANG_CXX_LIBRARY = "libc++";
				CLANG_ENABLE_MODULES = YES;
				CLANG_ENABLE_OBJC_ARC = YES;
				CLANG_WARN_BOOL_CONVERSION = YES;
				CLANG_WARN_CONSTANT_CONVERSION = YES;
				CLANG_WARN_DIRECT_OBJC_ISA_USAGE = YES_ERROR;
				CLANG_WARN_DOCUMENTATION_COMMENTS = YES;
				CLANG_WARN_EMPTY_BODY = YES;
				CLANG_WARN_ENUM_CONVERSION = YES;
				CLANG_WARN_INFINITE_RECURSION = YES;
				CLANG_WARN_INT_CONVERSION = YES;
				CLANG_WARN_OBJC_ROOT_CLASS = YES_ERROR;
				CLANG_WARN_SUSPICIOUS_MOVE = YES;
				CLANG_WARN_UNREACHABLE_CODE = YES;
				CLANG_WARN__DUPLICATE_METHOD_MATCH = YES;
				"CODE_SIGN_IDENTITY[sdk=iphoneos*]" = "iPhone Developer";
				COPY_PHASE_STRIP = NO;
				DEBUG_INFORMATION_FORMAT = "dwarf-with-dsym";
				ENABLE_NS_ASSERTIONS = NO;
				ENABLE_STRICT_OBJC_MSGSEND = YES;
				GCC_C_LANGUAGE_STANDARD = gnu99;
				GCC_NO_COMMON_BLOCKS = YES;
				GCC_WARN_64_TO_32_BIT_CONVERSION = YES;
				GCC_WARN_ABOUT_RETURN_TYPE = YES_ERROR;
				GCC_WARN_UNDECLARED_SELECTOR = YES;
				GCC_WARN_UNINITIALIZED_AUTOS = YES_AGGRESSIVE;
				GCC_WARN_UNUSED_FUNCTION = YES;
				GCC_WARN_UNUSED_VARIABLE = YES;
				IPHONEOS_DEPLOYMENT_TARGET = 10.3;
				MTL_ENABLE_DEBUG_INFO = NO;
				SDKROOT = iphoneos;
				SWIFT_OPTIMIZATION_LEVEL = "-Owholemodule";
				TARGETED_DEVICE_FAMILY = "1,2";
				VALIDATE_PRODUCT = YES;
			};
			name = Release;
		};
		04557F361EFAC42F004A8143 /* Debug */ = {
			isa = XCBuildConfiguration;
			buildSettings = {
				ASSETCATALOG_COMPILER_APPICON_NAME = AppIcon;
				DEVELOPMENT_TEAM = V7466QEVQE;
				INFOPLIST_FILE = hw8SwifyWords/Info.plist;
				LD_RUNPATH_SEARCH_PATHS = "$(inherited) @executable_path/Frameworks";
				PRODUCT_BUNDLE_IDENTIFIER = tw.chang.hw8SwifyWords;
				PRODUCT_NAME = "$(TARGET_NAME)";
				SWIFT_VERSION = 3.0;
			};
			name = Debug;
		};
		04557F371EFAC42F004A8143 /* Release */ = {
			isa = XCBuildConfiguration;
			buildSettings = {
				ASSETCATALOG_COMPILER_APPICON_NAME = AppIcon;
				DEVELOPMENT_TEAM = V7466QEVQE;
				INFOPLIST_FILE = hw8SwifyWords/Info.plist;
				LD_RUNPATH_SEARCH_PATHS = "$(inherited) @executable_path/Frameworks";
				PRODUCT_BUNDLE_IDENTIFIER = tw.chang.hw8SwifyWords;
				PRODUCT_NAME = "$(TARGET_NAME)";
				SWIFT_VERSION = 3.0;
			};
			name = Release;
		};
/* End XCBuildConfiguration section */

/* Begin XCConfigurationList section */
		04557F1E1EFAC42F004A8143 /* Build configuration list for PBXProject "hw8SwifyWords" */ = {
			isa = XCConfigurationList;
			buildConfigurations = (
				04557F331EFAC42F004A8143 /* Debug */,
				04557F341EFAC42F004A8143 /* Release */,
			);
			defaultConfigurationIsVisible = 0;
			defaultConfigurationName = Release;
		};
		04557F351EFAC42F004A8143 /* Build configuration list for PBXNativeTarget "hw8SwifyWords" */ = {
			isa = XCConfigurationList;
			buildConfigurations = (
				04557F361EFAC42F004A8143 /* Debug */,
				04557F371EFAC42F004A8143 /* Release */,
			);
			defaultConfigurationIsVisible = 0;
		};
/* End XCConfigurationList section */
	};
	rootObject = 04557F1B1EFAC42F004A8143 /* Project object */;
}
