// !$*UTF8*$!
{
	archiveVersion = 1;
	classes = {
	};
	objectVersion = 46;
	objects = {

/* Begin PBXBuildFile section */
		040F7B301F0BC13300BC3B51 /* StickerPackExtension.appex in Embed App Extensions */ = {isa = PBXBuildFile; fileRef = 040F7B2F1F0BC13300BC3B51 /* StickerPackExtension.appex */; settings = {ATTRIBUTES = (RemoveHeadersOnCopy, ); }; };
		040F7B341F0BC13300BC3B51 /* Stickers.xcstickers in Resources */ = {isa = PBXBuildFile; fileRef = 040F7B331F0BC13300BC3B51 /* Stickers.xcstickers */; };
		040F7B351F0BC13300BC3B51 /* Stickers.xcstickers in Resources */ = {isa = PBXBuildFile; fileRef = 040F7B331F0BC13300BC3B51 /* Stickers.xcstickers */; };
/* End PBXBuildFile section */

/* Begin PBXContainerItemProxy section */
		040F7B311F0BC13300BC3B51 /* PBXContainerItemProxy */ = {
			isa = PBXContainerItemProxy;
			containerPortal = 040F7B251F0BC13300BC3B51 /* Project object */;
			proxyType = 1;
			remoteGlobalIDString = 040F7B2E1F0BC13300BC3B51;
			remoteInfo = StickerPackExtension;
		};
/* End PBXContainerItemProxy section */

/* Begin PBXCopyFilesBuildPhase section */
		040F7B3B1F0BC13300BC3B51 /* Embed App Extensions */ = {
			isa = PBXCopyFilesBuildPhase;
			buildActionMask = 2147483647;
			dstPath = "";
			dstSubfolderSpec = 13;
			files = (
				040F7B301F0BC13300BC3B51 /* StickerPackExtension.appex in Embed App Extensions */,
			);
			name = "Embed App Extensions";
			runOnlyForDeploymentPostprocessing = 0;
		};
/* End PBXCopyFilesBuildPhase section */

/* Begin PBXFileReference section */
		040F7B2B1F0BC13300BC3B51 /* myIMessengerSticker.app */ = {isa = PBXFileReference; explicitFileType = wrapper.application; includeInIndex = 0; path = myIMessengerSticker.app; sourceTree = BUILT_PRODUCTS_DIR; };
		040F7B2F1F0BC13300BC3B51 /* StickerPackExtension.appex */ = {isa = PBXFileReference; explicitFileType = "wrapper.app-extension"; includeInIndex = 0; path = StickerPackExtension.appex; sourceTree = BUILT_PRODUCTS_DIR; };
		040F7B331F0BC13300BC3B51 /* Stickers.xcstickers */ = {isa = PBXFileReference; lastKnownFileType = folder.stickers; name = Stickers.xcstickers; path = StickerPackExtension/Stickers.xcstickers; sourceTree = "<group>"; };
/* End PBXFileReference section */

/* Begin PBXGroup section */
		040F7B241F0BC13300BC3B51 = {
			isa = PBXGroup;
			children = (
				040F7B331F0BC13300BC3B51 /* Stickers.xcstickers */,
				040F7B2C1F0BC13300BC3B51 /* Products */,
			);
			sourceTree = "<group>";
		};
		040F7B2C1F0BC13300BC3B51 /* Products */ = {
			isa = PBXGroup;
			children = (
				040F7B2B1F0BC13300BC3B51 /* myIMessengerSticker.app */,
				040F7B2F1F0BC13300BC3B51 /* StickerPackExtension.appex */,
			);
			name = Products;
			sourceTree = "<group>";
		};
/* End PBXGroup section */

/* Begin PBXNativeTarget section */
		040F7B2A1F0BC13300BC3B51 /* myIMessengerSticker */ = {
			isa = PBXNativeTarget;
			buildConfigurationList = 040F7B3C1F0BC13300BC3B51 /* Build configuration list for PBXNativeTarget "myIMessengerSticker" */;
			buildPhases = (
				040F7B291F0BC13300BC3B51 /* Resources */,
				040F7B3B1F0BC13300BC3B51 /* Embed App Extensions */,
			);
			buildRules = (
			);
			dependencies = (
				040F7B321F0BC13300BC3B51 /* PBXTargetDependency */,
			);
			name = myIMessengerSticker;
			productName = myIMessengerSticker;
			productReference = 040F7B2B1F0BC13300BC3B51 /* myIMessengerSticker.app */;
			productType = "com.apple.product-type.application.messages";
		};
		040F7B2E1F0BC13300BC3B51 /* StickerPackExtension */ = {
			isa = PBXNativeTarget;
			buildConfigurationList = 040F7B381F0BC13300BC3B51 /* Build configuration list for PBXNativeTarget "StickerPackExtension" */;
			buildPhases = (
				040F7B2D1F0BC13300BC3B51 /* Resources */,
			);
			buildRules = (
			);
			dependencies = (
			);
			name = StickerPackExtension;
			productName = StickerPackExtension;
			productReference = 040F7B2F1F0BC13300BC3B51 /* StickerPackExtension.appex */;
			productType = "com.apple.product-type.app-extension.messages-sticker-pack";
		};
/* End PBXNativeTarget section */

/* Begin PBXProject section */
		040F7B251F0BC13300BC3B51 /* Project object */ = {
			isa = PBXProject;
			attributes = {
				LastUpgradeCheck = 0830;
				ORGANIZATIONNAME = chang;
				TargetAttributes = {
					040F7B2A1F0BC13300BC3B51 = {
						CreatedOnToolsVersion = 8.3.2;
						DevelopmentTeam = V7466QEVQE;
						ProvisioningStyle = Automatic;
					};
					040F7B2E1F0BC13300BC3B51 = {
						CreatedOnToolsVersion = 8.3.2;
						DevelopmentTeam = V7466QEVQE;
						ProvisioningStyle = Automatic;
					};
				};
			};
			buildConfigurationList = 040F7B281F0BC13300BC3B51 /* Build configuration list for PBXProject "myIMessengerSticker" */;
			compatibilityVersion = "Xcode 3.2";
			developmentRegion = English;
			hasScannedForEncodings = 0;
			knownRegions = (
				en,
			);
			mainGroup = 040F7B241F0BC13300BC3B51;
			productRefGroup = 040F7B2C1F0BC13300BC3B51 /* Products */;
			projectDirPath = "";
			projectRoot = "";
			targets = (
				040F7B2A1F0BC13300BC3B51 /* myIMessengerSticker */,
				040F7B2E1F0BC13300BC3B51 /* StickerPackExtension */,
			);
		};
/* End PBXProject section */

/* Begin PBXResourcesBuildPhase section */
		040F7B291F0BC13300BC3B51 /* Resources */ = {
			isa = PBXResourcesBuildPhase;
			buildActionMask = 2147483647;
			files = (
				040F7B351F0BC13300BC3B51 /* Stickers.xcstickers in Resources */,
			);
			runOnlyForDeploymentPostprocessing = 0;
		};
		040F7B2D1F0BC13300BC3B51 /* Resources */ = {
			isa = PBXResourcesBuildPhase;
			buildActionMask = 2147483647;
			files = (
				040F7B341F0BC13300BC3B51 /* Stickers.xcstickers in Resources */,
			);
			runOnlyForDeploymentPostprocessing = 0;
		};
/* End PBXResourcesBuildPhase section */

/* Begin PBXTargetDependency section */
		040F7B321F0BC13300BC3B51 /* PBXTargetDependency */ = {
			isa = PBXTargetDependency;
			target = 040F7B2E1F0BC13300BC3B51 /* StickerPackExtension */;
			targetProxy = 040F7B311F0BC13300BC3B51 /* PBXContainerItemProxy */;
		};
/* End PBXTargetDependency section */

/* Begin XCBuildConfiguration section */
		040F7B361F0BC13300BC3B51 /* Debug */ = {
			isa = XCBuildConfiguration;
			buildSettings = {
				ALWAYS_SEARCH_USER_PATHS = NO;
				CLANG_ANALYZER_NONNULL = YES;
				CLANG_ANALYZER_NUMBER_OBJECT_CONVERSION = YES_AGGRESSIVE;
				CLANG_CXX_LANGUAGE_STANDARD = "gnu++0x";
				CLANG_CXX_LIBRARY = "libc++";
				CLANG_ENABLE_MODULES = YES;
				CLANG_ENABLE_OBJC_ARC = YES;
				CLANG_WARN_BOOL_CONVERSION = YES;
				CLANG_WARN_CONSTANT_CONVERSION = YES;
				CLANG_WARN_DIRECT_OBJC_ISA_USAGE = YES_ERROR;
				CLANG_WARN_DOCUMENTATION_COMMENTS = YES;
				CLANG_WARN_EMPTY_BODY = YES;
				CLANG_WARN_ENUM_CONVERSION = YES;
				CLANG_WARN_INFINITE_RECURSION = YES;
				CLANG_WARN_INT_CONVERSION = YES;
				CLANG_WARN_OBJC_ROOT_CLASS = YES_ERROR;
				CLANG_WARN_SUSPICIOUS_MOVE = YES;
				CLANG_WARN_UNREACHABLE_CODE = YES;
				CLANG_WARN__DUPLICATE_METHOD_MATCH = YES;
				"CODE_SIGN_IDENTITY[sdk=iphoneos*]" = "iPhone Developer";
				COPY_PHASE_STRIP = NO;
				DEBUG_INFORMATION_FORMAT = dwarf;
				ENABLE_STRICT_OBJC_MSGSEND = YES;
				ENABLE_TESTABILITY = YES;
				GCC_C_LANGUAGE_STANDARD = gnu99;
				GCC_DYNAMIC_NO_PIC = NO;
				GCC_NO_COMMON_BLOCKS = YES;
				GCC_OPTIMIZATION_LEVEL = 0;
				GCC_PREPROCESSOR_DEFINITIONS = (
					"DEBUG=1",
					"$(inherited)",
				);
				GCC_WARN_64_TO_32_BIT_CONVERSION = YES;
				GCC_WARN_ABOUT_RETURN_TYPE = YES_ERROR;
				GCC_WARN_UNDECLARED_SELECTOR = YES;
				GCC_WARN_UNINITIALIZED_AUTOS = YES_AGGRESSIVE;
				GCC_WARN_UNUSED_FUNCTION = YES;
				GCC_WARN_UNUSED_VARIABLE = YES;
				IPHONEOS_DEPLOYMENT_TARGET = 10.3;
				MTL_ENABLE_DEBUG_INFO = YES;
				ONLY_ACTIVE_ARCH = YES;
				SDKROOT = iphoneos;
				TARGETED_DEVICE_FAMILY = "1,2";
			};
			name = Debug;
		};
		040F7B371F0BC13300BC3B51 /* Release */ = {
			isa = XCBuildConfiguration;
			buildSettings = {
				ALWAYS_SEARCH_USER_PATHS = NO;
				CLANG_ANALYZER_NONNULL = YES;
				CLANG_ANALYZER_NUMBER_OBJECT_CONVERSION = YES_AGGRESSIVE;
				CLANG_CXX_LANGUAGE_STANDARD = "gnu++0x";
				CLANG_CXX_LIBRARY = "libc++";
				CLANG_ENABLE_MODULES = YES;
				CLANG_ENABLE_OBJC_ARC = YES;
				CLANG_WARN_BOOL_CONVERSION = YES;
				CLANG_WARN_CONSTANT_CONVERSION = YES;
				CLANG_WARN_DIRECT_OBJC_ISA_USAGE = YES_ERROR;
				CLANG_WARN_DOCUMENTATION_COMMENTS = YES;
				CLANG_WARN_EMPTY_BODY = YES;
				CLANG_WARN_ENUM_CONVERSION = YES;
				CLANG_WARN_INFINITE_RECURSION = YES;
				CLANG_WARN_INT_CONVERSION = YES;
				CLANG_WARN_OBJC_ROOT_CLASS = YES_ERROR;
				CLANG_WARN_SUSPICIOUS_MOVE = YES;
				CLANG_WARN_UNREACHABLE_CODE = YES;
				CLANG_WARN__DUPLICATE_METHOD_MATCH = YES;
				"CODE_SIGN_IDENTITY[sdk=iphoneos*]" = "iPhone Developer";
				COPY_PHASE_STRIP = NO;
				DEBUG_INFORMATION_FORMAT = "dwarf-with-dsym";
				ENABLE_NS_ASSERTIONS = NO;
				ENABLE_STRICT_OBJC_MSGSEND = YES;
				GCC_C_LANGUAGE_STANDARD = gnu99;
				GCC_NO_COMMON_BLOCKS = YES;
				GCC_WARN_64_TO_32_BIT_CONVERSION = YES;
				GCC_WARN_ABOUT_RETURN_TYPE = YES_ERROR;
				GCC_WARN_UNDECLARED_SELECTOR = YES;
				GCC_WARN_UNINITIALIZED_AUTOS = YES_AGGRESSIVE;
				GCC_WARN_UNUSED_FUNCTION = YES;
				GCC_WARN_UNUSED_VARIABLE = YES;
				IPHONEOS_DEPLOYMENT_TARGET = 10.3;
				MTL_ENABLE_DEBUG_INFO = NO;
				SDKROOT = iphoneos;
				TARGETED_DEVICE_FAMILY = "1,2";
				VALIDATE_PRODUCT = YES;
			};
			name = Release;
		};
		040F7B391F0BC13300BC3B51 /* Debug */ = {
			isa = XCBuildConfiguration;
			buildSettings = {
				ASSETCATALOG_COMPILER_APPICON_NAME = "iMessage App Icon";
				DEVELOPMENT_TEAM = V7466QEVQE;
				INFOPLIST_FILE = StickerPackExtension/Info.plist;
				PRODUCT_BUNDLE_IDENTIFIER = tw.chang.myIMessengerSticker.StickerPackExtension;
				PRODUCT_NAME = "$(TARGET_NAME)";
				SKIP_INSTALL = YES;
			};
			name = Debug;
		};
		040F7B3A1F0BC13300BC3B51 /* Release */ = {
			isa = XCBuildConfiguration;
			buildSettings = {
				ASSETCATALOG_COMPILER_APPICON_NAME = "iMessage App Icon";
				DEVELOPMENT_TEAM = V7466QEVQE;
				INFOPLIST_FILE = StickerPackExtension/Info.plist;
				PRODUCT_BUNDLE_IDENTIFIER = tw.chang.myIMessengerSticker.StickerPackExtension;
				PRODUCT_NAME = "$(TARGET_NAME)";
				SKIP_INSTALL = YES;
			};
			name = Release;
		};
		040F7B3D1F0BC13300BC3B51 /* Debug */ = {
			isa = XCBuildConfiguration;
			buildSettings = {
				ASSETCATALOG_COMPILER_APPICON_NAME = "iMessage App Icon";
				DEVELOPMENT_TEAM = V7466QEVQE;
				INFOPLIST_FILE = myIMessengerSticker/Info.plist;
				PRODUCT_BUNDLE_IDENTIFIER = tw.chang.myIMessengerSticker;
				PRODUCT_NAME = "$(TARGET_NAME)";
			};
			name = Debug;
		};
		040F7B3E1F0BC13300BC3B51 /* Release */ = {
			isa = XCBuildConfiguration;
			buildSettings = {
				ASSETCATALOG_COMPILER_APPICON_NAME = "iMessage App Icon";
				DEVELOPMENT_TEAM = V7466QEVQE;
				INFOPLIST_FILE = myIMessengerSticker/Info.plist;
				PRODUCT_BUNDLE_IDENTIFIER = tw.chang.myIMessengerSticker;
				PRODUCT_NAME = "$(TARGET_NAME)";
			};
			name = Release;
		};
/* End XCBuildConfiguration section */

/* Begin XCConfigurationList section */
		040F7B281F0BC13300BC3B51 /* Build configuration list for PBXProject "myIMessengerSticker" */ = {
			isa = XCConfigurationList;
			buildConfigurations = (
				040F7B361F0BC13300BC3B51 /* Debug */,
				040F7B371F0BC13300BC3B51 /* Release */,
			);
			defaultConfigurationIsVisible = 0;
			defaultConfigurationName = Release;
		};
		040F7B381F0BC13300BC3B51 /* Build configuration list for PBXNativeTarget "StickerPackExtension" */ = {
			isa = XCConfigurationList;
			buildConfigurations = (
				040F7B391F0BC13300BC3B51 /* Debug */,
				040F7B3A1F0BC13300BC3B51 /* Release */,
			);
			defaultConfigurationIsVisible = 0;
		};
		040F7B3C1F0BC13300BC3B51 /* Build configuration list for PBXNativeTarget "myIMessengerSticker" */ = {
			isa = XCConfigurationList;
			buildConfigurations = (
				040F7B3D1F0BC13300BC3B51 /* Debug */,
				040F7B3E1F0BC13300BC3B51 /* Release */,
			);
			defaultConfigurationIsVisible = 0;
		};
/* End XCConfigurationList section */
	};
	rootObject = 040F7B251F0BC13300BC3B51 /* Project object */;
}
