// !$*UTF8*$!
{
	archiveVersion = 1;
	classes = {
	};
	objectVersion = 46;
	objects = {

/* Begin PBXBuildFile section */
		049AC68F1F0BDC0D009532BC /* AppDelegate.swift in Sources */ = {isa = PBXBuildFile; fileRef = 049AC68E1F0BDC0D009532BC /* AppDelegate.swift */; };
		049AC6911F0BDC0D009532BC /* ViewController.swift in Sources */ = {isa = PBXBuildFile; fileRef = 049AC6901F0BDC0D009532BC /* ViewController.swift */; };
		049AC6941F0BDC0D009532BC /* Main.storyboard in Resources */ = {isa = PBXBuildFile; fileRef = 049AC6921F0BDC0D009532BC /* Main.storyboard */; };
		049AC6961F0BDC0D009532BC /* Assets.xcassets in Resources */ = {isa = PBXBuildFile; fileRef = 049AC6951F0BDC0D009532BC /* Assets.xcassets */; };
		049AC6991F0BDC0D009532BC /* LaunchScreen.storyboard in Resources */ = {isa = PBXBuildFile; fileRef = 049AC6971F0BDC0D009532BC /* LaunchScreen.storyboard */; };
/* End PBXBuildFile section */

/* Begin PBXFileReference section */
		049AC68B1F0BDC0D009532BC /* myCurrencyConverter.app */ = {isa = PBXFileReference; explicitFileType = wrapper.application; includeInIndex = 0; path = myCurrencyConverter.app; sourceTree = BUILT_PRODUCTS_DIR; };
		049AC68E1F0BDC0D009532BC /* AppDelegate.swift */ = {isa = PBXFileReference; lastKnownFileType = sourcecode.swift; path = AppDelegate.swift; sourceTree = "<group>"; };
		049AC6901F0BDC0D009532BC /* ViewController.swift */ = {isa = PBXFileReference; lastKnownFileType = sourcecode.swift; path = ViewController.swift; sourceTree = "<group>"; };
		049AC6931F0BDC0D009532BC /* Base */ = {isa = PBXFileReference; lastKnownFileType = file.storyboard; name = Base; path = Base.lproj/Main.storyboard; sourceTree = "<group>"; };
		049AC6951F0BDC0D009532BC /* Assets.xcassets */ = {isa = PBXFileReference; lastKnownFileType = folder.assetcatalog; path = Assets.xcassets; sourceTree = "<group>"; };
		049AC6981F0BDC0D009532BC /* Base */ = {isa = PBXFileReference; lastKnownFileType = file.storyboard; name = Base; path = Base.lproj/LaunchScreen.storyboard; sourceTree = "<group>"; };
		049AC69A1F0BDC0D009532BC /* Info.plist */ = {isa = PBXFileReference; lastKnownFileType = text.plist.xml; path = Info.plist; sourceTree = "<group>"; };
/* End PBXFileReference section */

/* Begin PBXFrameworksBuildPhase section */
		049AC6881F0BDC0D009532BC /* Frameworks */ = {
			isa = PBXFrameworksBuildPhase;
			buildActionMask = 2147483647;
			files = (
			);
			runOnlyForDeploymentPostprocessing = 0;
		};
/* End PBXFrameworksBuildPhase section */

/* Begin PBXGroup section */
		049AC6821F0BDC0D009532BC = {
			isa = PBXGroup;
			children = (
				049AC68D1F0BDC0D009532BC /* myCurrencyConverter */,
				049AC68C1F0BDC0D009532BC /* Products */,
			);
			sourceTree = "<group>";
		};
		049AC68C1F0BDC0D009532BC /* Products */ = {
			isa = PBXGroup;
			children = (
				049AC68B1F0BDC0D009532BC /* myCurrencyConverter.app */,
			);
			name = Products;
			sourceTree = "<group>";
		};
		049AC68D1F0BDC0D009532BC /* myCurrencyConverter */ = {
			isa = PBXGroup;
			children = (
				049AC68E1F0BDC0D009532BC /* AppDelegate.swift */,
				049AC6901F0BDC0D009532BC /* ViewController.swift */,
				049AC6921F0BDC0D009532BC /* Main.storyboard */,
				049AC6951F0BDC0D009532BC /* Assets.xcassets */,
				049AC6971F0BDC0D009532BC /* LaunchScreen.storyboard */,
				049AC69A1F0BDC0D009532BC /* Info.plist */,
			);
			path = myCurrencyConverter;
			sourceTree = "<group>";
		};
/* End PBXGroup section */

/* Begin PBXNativeTarget section */
		049AC68A1F0BDC0D009532BC /* myCurrencyConverter */ = {
			isa = PBXNativeTarget;
			buildConfigurationList = 049AC69D1F0BDC0D009532BC /* Build configuration list for PBXNativeTarget "myCurrencyConverter" */;
			buildPhases = (
				049AC6871F0BDC0D009532BC /* Sources */,
				049AC6881F0BDC0D009532BC /* Frameworks */,
				049AC6891F0BDC0D009532BC /* Resources */,
			);
			buildRules = (
			);
			dependencies = (
			);
			name = myCurrencyConverter;
			productName = myCurrencyConverter;
			productReference = 049AC68B1F0BDC0D009532BC /* myCurrencyConverter.app */;
			productType = "com.apple.product-type.application";
		};
/* End PBXNativeTarget section */

/* Begin PBXProject section */
		049AC6831F0BDC0D009532BC /* Project object */ = {
			isa = PBXProject;
			attributes = {
				LastSwiftUpdateCheck = 0830;
				LastUpgradeCheck = 0830;
				ORGANIZATIONNAME = chang;
				TargetAttributes = {
					049AC68A1F0BDC0D009532BC = {
						CreatedOnToolsVersion = 8.3.2;
						DevelopmentTeam = V7466QEVQE;
						ProvisioningStyle = Automatic;
					};
				};
			};
			buildConfigurationList = 049AC6861F0BDC0D009532BC /* Build configuration list for PBXProject "myCurrencyConverter" */;
			compatibilityVersion = "Xcode 3.2";
			developmentRegion = English;
			hasScannedForEncodings = 0;
			knownRegions = (
				en,
				Base,
			);
			mainGroup = 049AC6821F0BDC0D009532BC;
			productRefGroup = 049AC68C1F0BDC0D009532BC /* Products */;
			projectDirPath = "";
			projectRoot = "";
			targets = (
				049AC68A1F0BDC0D009532BC /* myCurrencyConverter */,
			);
		};
/* End PBXProject section */

/* Begin PBXResourcesBuildPhase section */
		049AC6891F0BDC0D009532BC /* Resources */ = {
			isa = PBXResourcesBuildPhase;
			buildActionMask = 2147483647;
			files = (
				049AC6991F0BDC0D009532BC /* LaunchScreen.storyboard in Resources */,
				049AC6961F0BDC0D009532BC /* Assets.xcassets in Resources */,
				049AC6941F0BDC0D009532BC /* Main.storyboard in Resources */,
			);
			runOnlyForDeploymentPostprocessing = 0;
		};
/* End PBXResourcesBuildPhase section */

/* Begin PBXSourcesBuildPhase section */
		049AC6871F0BDC0D009532BC /* Sources */ = {
			isa = PBXSourcesBuildPhase;
			buildActionMask = 2147483647;
			files = (
				049AC6911F0BDC0D009532BC /* ViewController.swift in Sources */,
				049AC68F1F0BDC0D009532BC /* AppDelegate.swift in Sources */,
			);
			runOnlyForDeploymentPostprocessing = 0;
		};
/* End PBXSourcesBuildPhase section */

/* Begin PBXVariantGroup section */
		049AC6921F0BDC0D009532BC /* Main.storyboard */ = {
			isa = PBXVariantGroup;
			children = (
				049AC6931F0BDC0D009532BC /* Base */,
			);
			name = Main.storyboard;
			sourceTree = "<group>";
		};
		049AC6971F0BDC0D009532BC /* LaunchScreen.storyboard */ = {
			isa = PBXVariantGroup;
			children = (
				049AC6981F0BDC0D009532BC /* Base */,
			);
			name = LaunchScreen.storyboard;
			sourceTree = "<group>";
		};
/* End PBXVariantGroup section */

/* Begin XCBuildConfiguration section */
		049AC69B1F0BDC0D009532BC /* Debug */ = {
			isa = XCBuildConfiguration;
			buildSettings = {
				ALWAYS_SEARCH_USER_PATHS = NO;
				CLANG_ANALYZER_NONNULL = YES;
				CLANG_ANALYZER_NUMBER_OBJECT_CONVERSION = YES_AGGRESSIVE;
				CLANG_CXX_LANGUAGE_STANDARD = "gnu++0x";
				CLANG_CXX_LIBRARY = "libc++";
				CLANG_ENABLE_MODULES = YES;
				CLANG_ENABLE_OBJC_ARC = YES;
				CLANG_WARN_BOOL_CONVERSION = YES;
				CLANG_WARN_CONSTANT_CONVERSION = YES;
				CLANG_WARN_DIRECT_OBJC_ISA_USAGE = YES_ERROR;
				CLANG_WARN_DOCUMENTATION_COMMENTS = YES;
				CLANG_WARN_EMPTY_BODY = YES;
				CLANG_WARN_ENUM_CONVERSION = YES;
				CLANG_WARN_INFINITE_RECURSION = YES;
				CLANG_WARN_INT_CONVERSION = YES;
				CLANG_WARN_OBJC_ROOT_CLASS = YES_ERROR;
				CLANG_WARN_SUSPICIOUS_MOVE = YES;
				CLANG_WARN_UNREACHABLE_CODE = YES;
				CLANG_WARN__DUPLICATE_METHOD_MATCH = YES;
				"CODE_SIGN_IDENTITY[sdk=iphoneos*]" = "iPhone Developer";
				COPY_PHASE_STRIP = NO;
				DEBUG_INFORMATION_FORMAT = dwarf;
				ENABLE_STRICT_OBJC_MSGSEND = YES;
				ENABLE_TESTABILITY = YES;
				GCC_C_LANGUAGE_STANDARD = gnu99;
				GCC_DYNAMIC_NO_PIC = NO;
				GCC_NO_COMMON_BLOCKS = YES;
				GCC_OPTIMIZATION_LEVEL = 0;
				GCC_PREPROCESSOR_DEFINITIONS = (
					"DEBUG=1",
					"$(inherited)",
				);
				GCC_WARN_64_TO_32_BIT_CONVERSION = YES;
				GCC_WARN_ABOUT_RETURN_TYPE = YES_ERROR;
				GCC_WARN_UNDECLARED_SELECTOR = YES;
				GCC_WARN_UNINITIALIZED_AUTOS = YES_AGGRESSIVE;
				GCC_WARN_UNUSED_FUNCTION = YES;
				GCC_WARN_UNUSED_VARIABLE = YES;
				IPHONEOS_DEPLOYMENT_TARGET = 10.3;
				MTL_ENABLE_DEBUG_INFO = YES;
				ONLY_ACTIVE_ARCH = YES;
				SDKROOT = iphoneos;
				SWIFT_ACTIVE_COMPILATION_CONDITIONS = DEBUG;
				SWIFT_OPTIMIZATION_LEVEL = "-Onone";
				TARGETED_DEVICE_FAMILY = "1,2";
			};
			name = Debug;
		};
		049AC69C1F0BDC0D009532BC /* Release */ = {
			isa = XCBuildConfiguration;
			buildSettings = {
				ALWAYS_SEARCH_USER_PATHS = NO;
				CLANG_ANALYZER_NONNULL = YES;
				CLANG_ANALYZER_NUMBER_OBJECT_CONVERSION = YES_AGGRESSIVE;
				CLANG_CXX_LANGUAGE_STANDARD = "gnu++0x";
				CLANG_CXX_LIBRARY = "libc++";
				CLANG_ENABLE_MODULES = YES;
				CLANG_ENABLE_OBJC_ARC = YES;
				CLANG_WARN_BOOL_CONVERSION = YES;
				CLANG_WARN_CONSTANT_CONVERSION = YES;
				CLANG_WARN_DIRECT_OBJC_ISA_USAGE = YES_ERROR;
				CLANG_WARN_DOCUMENTATION_COMMENTS = YES;
				CLANG_WARN_EMPTY_BODY = YES;
				CLANG_WARN_ENUM_CONVERSION = YES;
				CLANG_WARN_INFINITE_RECURSION = YES;
				CLANG_WARN_INT_CONVERSION = YES;
				CLANG_WARN_OBJC_ROOT_CLASS = YES_ERROR;
				CLANG_WARN_SUSPICIOUS_MOVE = YES;
				CLANG_WARN_UNREACHABLE_CODE = YES;
				CLANG_WARN__DUPLICATE_METHOD_MATCH = YES;
				"CODE_SIGN_IDENTITY[sdk=iphoneos*]" = "iPhone Developer";
				COPY_PHASE_STRIP = NO;
				DEBUG_INFORMATION_FORMAT = "dwarf-with-dsym";
				ENABLE_NS_ASSERTIONS = NO;
				ENABLE_STRICT_OBJC_MSGSEND = YES;
				GCC_C_LANGUAGE_STANDARD = gnu99;
				GCC_NO_COMMON_BLOCKS = YES;
				GCC_WARN_64_TO_32_BIT_CONVERSION = YES;
				GCC_WARN_ABOUT_RETURN_TYPE = YES_ERROR;
				GCC_WARN_UNDECLARED_SELECTOR = YES;
				GCC_WARN_UNINITIALIZED_AUTOS = YES_AGGRESSIVE;
				GCC_WARN_UNUSED_FUNCTION = YES;
				GCC_WARN_UNUSED_VARIABLE = YES;
				IPHONEOS_DEPLOYMENT_TARGET = 10.3;
				MTL_ENABLE_DEBUG_INFO = NO;
				SDKROOT = iphoneos;
				SWIFT_OPTIMIZATION_LEVEL = "-Owholemodule";
				TARGETED_DEVICE_FAMILY = "1,2";
				VALIDATE_PRODUCT = YES;
			};
			name = Release;
		};
		049AC69E1F0BDC0D009532BC /* Debug */ = {
			isa = XCBuildConfiguration;
			buildSettings = {
				ASSETCATALOG_COMPILER_APPICON_NAME = AppIcon;
				DEVELOPMENT_TEAM = V7466QEVQE;
				INFOPLIST_FILE = myCurrencyConverter/Info.plist;
				LD_RUNPATH_SEARCH_PATHS = "$(inherited) @executable_path/Frameworks";
				PRODUCT_BUNDLE_IDENTIFIER = tw.chang.myCurrencyConverter;
				PRODUCT_NAME = "$(TARGET_NAME)";
				SWIFT_VERSION = 3.0;
			};
			name = Debug;
		};
		049AC69F1F0BDC0D009532BC /* Release */ = {
			isa = XCBuildConfiguration;
			buildSettings = {
				ASSETCATALOG_COMPILER_APPICON_NAME = AppIcon;
				DEVELOPMENT_TEAM = V7466QEVQE;
				INFOPLIST_FILE = myCurrencyConverter/Info.plist;
				LD_RUNPATH_SEARCH_PATHS = "$(inherited) @executable_path/Frameworks";
				PRODUCT_BUNDLE_IDENTIFIER = tw.chang.myCurrencyConverter;
				PRODUCT_NAME = "$(TARGET_NAME)";
				SWIFT_VERSION = 3.0;
			};
			name = Release;
		};
/* End XCBuildConfiguration section */

/* Begin XCConfigurationList section */
		049AC6861F0BDC0D009532BC /* Build configuration list for PBXProject "myCurrencyConverter" */ = {
			isa = XCConfigurationList;
			buildConfigurations = (
				049AC69B1F0BDC0D009532BC /* Debug */,
				049AC69C1F0BDC0D009532BC /* Release */,
			);
			defaultConfigurationIsVisible = 0;
			defaultConfigurationName = Release;
		};
		049AC69D1F0BDC0D009532BC /* Build configuration list for PBXNativeTarget "myCurrencyConverter" */ = {
			isa = XCConfigurationList;
			buildConfigurations = (
				049AC69E1F0BDC0D009532BC /* Debug */,
				049AC69F1F0BDC0D009532BC /* Release */,
			);
			defaultConfigurationIsVisible = 0;
		};
/* End XCConfigurationList section */
	};
	rootObject = 049AC6831F0BDC0D009532BC /* Project object */;
}
