// !$*UTF8*$!
{
	archiveVersion = 1;
	classes = {
	};
	objectVersion = 46;
	objects = {

/* Begin PBXBuildFile section */
		040F7B781F0BC4C200BC3B51 /* AppDelegate.swift in Sources */ = {isa = PBXBuildFile; fileRef = 040F7B771F0BC4C200BC3B51 /* AppDelegate.swift */; };
		040F7B7A1F0BC4C200BC3B51 /* ViewController.swift in Sources */ = {isa = PBXBuildFile; fileRef = 040F7B791F0BC4C200BC3B51 /* ViewController.swift */; };
		040F7B7D1F0BC4C200BC3B51 /* Main.storyboard in Resources */ = {isa = PBXBuildFile; fileRef = 040F7B7B1F0BC4C200BC3B51 /* Main.storyboard */; };
		040F7B801F0BC4C200BC3B51 /* myOwnCustomKeyboard.xcdatamodeld in Sources */ = {isa = PBXBuildFile; fileRef = 040F7B7E1F0BC4C200BC3B51 /* myOwnCustomKeyboard.xcdatamodeld */; };
		040F7B821F0BC4C200BC3B51 /* Assets.xcassets in Resources */ = {isa = PBXBuildFile; fileRef = 040F7B811F0BC4C200BC3B51 /* Assets.xcassets */; };
		040F7B851F0BC4C200BC3B51 /* LaunchScreen.storyboard in Resources */ = {isa = PBXBuildFile; fileRef = 040F7B831F0BC4C200BC3B51 /* LaunchScreen.storyboard */; };
		040F7B931F0BC5BF00BC3B51 /* KeyboardViewController.swift in Sources */ = {isa = PBXBuildFile; fileRef = 040F7B921F0BC5BF00BC3B51 /* KeyboardViewController.swift */; };
		040F7B971F0BC5BF00BC3B51 /* myCustomKey.appex in Embed App Extensions */ = {isa = PBXBuildFile; fileRef = 040F7B901F0BC5BF00BC3B51 /* myCustomKey.appex */; settings = {ATTRIBUTES = (RemoveHeadersOnCopy, ); }; };
		040F7B9D1F0BC8B600BC3B51 /* heart.png in Resources */ = {isa = PBXBuildFile; fileRef = 040F7B9C1F0BC8B600BC3B51 /* heart.png */; };
/* End PBXBuildFile section */

/* Begin PBXContainerItemProxy section */
		040F7B951F0BC5BF00BC3B51 /* PBXContainerItemProxy */ = {
			isa = PBXContainerItemProxy;
			containerPortal = 040F7B6C1F0BC4C200BC3B51 /* Project object */;
			proxyType = 1;
			remoteGlobalIDString = 040F7B8F1F0BC5BF00BC3B51;
			remoteInfo = myCustomKey;
		};
/* End PBXContainerItemProxy section */

/* Begin PBXCopyFilesBuildPhase section */
		040F7B9B1F0BC5BF00BC3B51 /* Embed App Extensions */ = {
			isa = PBXCopyFilesBuildPhase;
			buildActionMask = 2147483647;
			dstPath = "";
			dstSubfolderSpec = 13;
			files = (
				040F7B971F0BC5BF00BC3B51 /* myCustomKey.appex in Embed App Extensions */,
			);
			name = "Embed App Extensions";
			runOnlyForDeploymentPostprocessing = 0;
		};
/* End PBXCopyFilesBuildPhase section */

/* Begin PBXFileReference section */
		040F7B741F0BC4C200BC3B51 /* myOwnCustomKeyboard.app */ = {isa = PBXFileReference; explicitFileType = wrapper.application; includeInIndex = 0; path = myOwnCustomKeyboard.app; sourceTree = BUILT_PRODUCTS_DIR; };
		040F7B771F0BC4C200BC3B51 /* AppDelegate.swift */ = {isa = PBXFileReference; lastKnownFileType = sourcecode.swift; path = AppDelegate.swift; sourceTree = "<group>"; };
		040F7B791F0BC4C200BC3B51 /* ViewController.swift */ = {isa = PBXFileReference; lastKnownFileType = sourcecode.swift; path = ViewController.swift; sourceTree = "<group>"; };
		040F7B7C1F0BC4C200BC3B51 /* Base */ = {isa = PBXFileReference; lastKnownFileType = file.storyboard; name = Base; path = Base.lproj/Main.storyboard; sourceTree = "<group>"; };
		040F7B7F1F0BC4C200BC3B51 /* myOwnCustomKeyboard.xcdatamodel */ = {isa = PBXFileReference; lastKnownFileType = wrapper.xcdatamodel; path = myOwnCustomKeyboard.xcdatamodel; sourceTree = "<group>"; };
		040F7B811F0BC4C200BC3B51 /* Assets.xcassets */ = {isa = PBXFileReference; lastKnownFileType = folder.assetcatalog; path = Assets.xcassets; sourceTree = "<group>"; };
		040F7B841F0BC4C200BC3B51 /* Base */ = {isa = PBXFileReference; lastKnownFileType = file.storyboard; name = Base; path = Base.lproj/LaunchScreen.storyboard; sourceTree = "<group>"; };
		040F7B861F0BC4C200BC3B51 /* Info.plist */ = {isa = PBXFileReference; lastKnownFileType = text.plist.xml; path = Info.plist; sourceTree = "<group>"; };
		040F7B901F0BC5BF00BC3B51 /* myCustomKey.appex */ = {isa = PBXFileReference; explicitFileType = "wrapper.app-extension"; includeInIndex = 0; path = myCustomKey.appex; sourceTree = BUILT_PRODUCTS_DIR; };
		040F7B921F0BC5BF00BC3B51 /* KeyboardViewController.swift */ = {isa = PBXFileReference; lastKnownFileType = sourcecode.swift; path = KeyboardViewController.swift; sourceTree = "<group>"; };
		040F7B941F0BC5BF00BC3B51 /* Info.plist */ = {isa = PBXFileReference; lastKnownFileType = text.plist.xml; path = Info.plist; sourceTree = "<group>"; };
		040F7B9C1F0BC8B600BC3B51 /* heart.png */ = {isa = PBXFileReference; lastKnownFileType = image.png; name = heart.png; path = ../../heart.png; sourceTree = "<group>"; };
/* End PBXFileReference section */

/* Begin PBXFrameworksBuildPhase section */
		040F7B711F0BC4C200BC3B51 /* Frameworks */ = {
			isa = PBXFrameworksBuildPhase;
			buildActionMask = 2147483647;
			files = (
			);
			runOnlyForDeploymentPostprocessing = 0;
		};
		040F7B8D1F0BC5BF00BC3B51 /* Frameworks */ = {
			isa = PBXFrameworksBuildPhase;
			buildActionMask = 2147483647;
			files = (
			);
			runOnlyForDeploymentPostprocessing = 0;
		};
/* End PBXFrameworksBuildPhase section */

/* Begin PBXGroup section */
		040F7B6B1F0BC4C200BC3B51 = {
			isa = PBXGroup;
			children = (
				040F7B761F0BC4C200BC3B51 /* myOwnCustomKeyboard */,
				040F7B911F0BC5BF00BC3B51 /* myCustomKey */,
				040F7B751F0BC4C200BC3B51 /* Products */,
			);
			sourceTree = "<group>";
		};
		040F7B751F0BC4C200BC3B51 /* Products */ = {
			isa = PBXGroup;
			children = (
				040F7B741F0BC4C200BC3B51 /* myOwnCustomKeyboard.app */,
				040F7B901F0BC5BF00BC3B51 /* myCustomKey.appex */,
			);
			name = Products;
			sourceTree = "<group>";
		};
		040F7B761F0BC4C200BC3B51 /* myOwnCustomKeyboard */ = {
			isa = PBXGroup;
			children = (
				040F7B9C1F0BC8B600BC3B51 /* heart.png */,
				040F7B771F0BC4C200BC3B51 /* AppDelegate.swift */,
				040F7B791F0BC4C200BC3B51 /* ViewController.swift */,
				040F7B7B1F0BC4C200BC3B51 /* Main.storyboard */,
				040F7B811F0BC4C200BC3B51 /* Assets.xcassets */,
				040F7B831F0BC4C200BC3B51 /* LaunchScreen.storyboard */,
				040F7B861F0BC4C200BC3B51 /* Info.plist */,
				040F7B7E1F0BC4C200BC3B51 /* myOwnCustomKeyboard.xcdatamodeld */,
			);
			path = myOwnCustomKeyboard;
			sourceTree = "<group>";
		};
		040F7B911F0BC5BF00BC3B51 /* myCustomKey */ = {
			isa = PBXGroup;
			children = (
				040F7B921F0BC5BF00BC3B51 /* KeyboardViewController.swift */,
				040F7B941F0BC5BF00BC3B51 /* Info.plist */,
			);
			path = myCustomKey;
			sourceTree = "<group>";
		};
/* End PBXGroup section */

/* Begin PBXNativeTarget section */
		040F7B731F0BC4C200BC3B51 /* myOwnCustomKeyboard */ = {
			isa = PBXNativeTarget;
			buildConfigurationList = 040F7B891F0BC4C200BC3B51 /* Build configuration list for PBXNativeTarget "myOwnCustomKeyboard" */;
			buildPhases = (
				040F7B701F0BC4C200BC3B51 /* Sources */,
				040F7B711F0BC4C200BC3B51 /* Frameworks */,
				040F7B721F0BC4C200BC3B51 /* Resources */,
				040F7B9B1F0BC5BF00BC3B51 /* Embed App Extensions */,
			);
			buildRules = (
			);
			dependencies = (
				040F7B961F0BC5BF00BC3B51 /* PBXTargetDependency */,
			);
			name = myOwnCustomKeyboard;
			productName = myOwnCustomKeyboard;
			productReference = 040F7B741F0BC4C200BC3B51 /* myOwnCustomKeyboard.app */;
			productType = "com.apple.product-type.application";
		};
		040F7B8F1F0BC5BF00BC3B51 /* myCustomKey */ = {
			isa = PBXNativeTarget;
			buildConfigurationList = 040F7B981F0BC5BF00BC3B51 /* Build configuration list for PBXNativeTarget "myCustomKey" */;
			buildPhases = (
				040F7B8C1F0BC5BF00BC3B51 /* Sources */,
				040F7B8D1F0BC5BF00BC3B51 /* Frameworks */,
				040F7B8E1F0BC5BF00BC3B51 /* Resources */,
			);
			buildRules = (
			);
			dependencies = (
			);
			name = myCustomKey;
			productName = myCustomKey;
			productReference = 040F7B901F0BC5BF00BC3B51 /* myCustomKey.appex */;
			productType = "com.apple.product-type.app-extension";
		};
/* End PBXNativeTarget section */

/* Begin PBXProject section */
		040F7B6C1F0BC4C200BC3B51 /* Project object */ = {
			isa = PBXProject;
			attributes = {
				LastSwiftUpdateCheck = 0830;
				LastUpgradeCheck = 0830;
				ORGANIZATIONNAME = chang;
				TargetAttributes = {
					040F7B731F0BC4C200BC3B51 = {
						CreatedOnToolsVersion = 8.3.2;
						DevelopmentTeam = V7466QEVQE;
						ProvisioningStyle = Automatic;
					};
					040F7B8F1F0BC5BF00BC3B51 = {
						CreatedOnToolsVersion = 8.3.2;
						DevelopmentTeam = V7466QEVQE;
						ProvisioningStyle = Automatic;
					};
				};
			};
			buildConfigurationList = 040F7B6F1F0BC4C200BC3B51 /* Build configuration list for PBXProject "myOwnCustomKeyboard" */;
			compatibilityVersion = "Xcode 3.2";
			developmentRegion = English;
			hasScannedForEncodings = 0;
			knownRegions = (
				en,
				Base,
			);
			mainGroup = 040F7B6B1F0BC4C200BC3B51;
			productRefGroup = 040F7B751F0BC4C200BC3B51 /* Products */;
			projectDirPath = "";
			projectRoot = "";
			targets = (
				040F7B731F0BC4C200BC3B51 /* myOwnCustomKeyboard */,
				040F7B8F1F0BC5BF00BC3B51 /* myCustomKey */,
			);
		};
/* End PBXProject section */

/* Begin PBXResourcesBuildPhase section */
		040F7B721F0BC4C200BC3B51 /* Resources */ = {
			isa = PBXResourcesBuildPhase;
			buildActionMask = 2147483647;
			files = (
				040F7B851F0BC4C200BC3B51 /* LaunchScreen.storyboard in Resources */,
				040F7B821F0BC4C200BC3B51 /* Assets.xcassets in Resources */,
				040F7B7D1F0BC4C200BC3B51 /* Main.storyboard in Resources */,
			);
			runOnlyForDeploymentPostprocessing = 0;
		};
		040F7B8E1F0BC5BF00BC3B51 /* Resources */ = {
			isa = PBXResourcesBuildPhase;
			buildActionMask = 2147483647;
			files = (
				040F7B9D1F0BC8B600BC3B51 /* heart.png in Resources */,
			);
			runOnlyForDeploymentPostprocessing = 0;
		};
/* End PBXResourcesBuildPhase section */

/* Begin PBXSourcesBuildPhase section */
		040F7B701F0BC4C200BC3B51 /* Sources */ = {
			isa = PBXSourcesBuildPhase;
			buildActionMask = 2147483647;
			files = (
				040F7B801F0BC4C200BC3B51 /* myOwnCustomKeyboard.xcdatamodeld in Sources */,
				040F7B7A1F0BC4C200BC3B51 /* ViewController.swift in Sources */,
				040F7B781F0BC4C200BC3B51 /* AppDelegate.swift in Sources */,
			);
			runOnlyForDeploymentPostprocessing = 0;
		};
		040F7B8C1F0BC5BF00BC3B51 /* Sources */ = {
			isa = PBXSourcesBuildPhase;
			buildActionMask = 2147483647;
			files = (
				040F7B931F0BC5BF00BC3B51 /* KeyboardViewController.swift in Sources */,
			);
			runOnlyForDeploymentPostprocessing = 0;
		};
/* End PBXSourcesBuildPhase section */

/* Begin PBXTargetDependency section */
		040F7B961F0BC5BF00BC3B51 /* PBXTargetDependency */ = {
			isa = PBXTargetDependency;
			target = 040F7B8F1F0BC5BF00BC3B51 /* myCustomKey */;
			targetProxy = 040F7B951F0BC5BF00BC3B51 /* PBXContainerItemProxy */;
		};
/* End PBXTargetDependency section */

/* Begin PBXVariantGroup section */
		040F7B7B1F0BC4C200BC3B51 /* Main.storyboard */ = {
			isa = PBXVariantGroup;
			children = (
				040F7B7C1F0BC4C200BC3B51 /* Base */,
			);
			name = Main.storyboard;
			sourceTree = "<group>";
		};
		040F7B831F0BC4C200BC3B51 /* LaunchScreen.storyboard */ = {
			isa = PBXVariantGroup;
			children = (
				040F7B841F0BC4C200BC3B51 /* Base */,
			);
			name = LaunchScreen.storyboard;
			sourceTree = "<group>";
		};
/* End PBXVariantGroup section */

/* Begin XCBuildConfiguration section */
		040F7B871F0BC4C200BC3B51 /* Debug */ = {
			isa = XCBuildConfiguration;
			buildSettings = {
				ALWAYS_SEARCH_USER_PATHS = NO;
				CLANG_ANALYZER_NONNULL = YES;
				CLANG_ANALYZER_NUMBER_OBJECT_CONVERSION = YES_AGGRESSIVE;
				CLANG_CXX_LANGUAGE_STANDARD = "gnu++0x";
				CLANG_CXX_LIBRARY = "libc++";
				CLANG_ENABLE_MODULES = YES;
				CLANG_ENABLE_OBJC_ARC = YES;
				CLANG_WARN_BOOL_CONVERSION = YES;
				CLANG_WARN_CONSTANT_CONVERSION = YES;
				CLANG_WARN_DIRECT_OBJC_ISA_USAGE = YES_ERROR;
				CLANG_WARN_DOCUMENTATION_COMMENTS = YES;
				CLANG_WARN_EMPTY_BODY = YES;
				CLANG_WARN_ENUM_CONVERSION = YES;
				CLANG_WARN_INFINITE_RECURSION = YES;
				CLANG_WARN_INT_CONVERSION = YES;
				CLANG_WARN_OBJC_ROOT_CLASS = YES_ERROR;
				CLANG_WARN_SUSPICIOUS_MOVE = YES;
				CLANG_WARN_UNREACHABLE_CODE = YES;
				CLANG_WARN__DUPLICATE_METHOD_MATCH = YES;
				"CODE_SIGN_IDENTITY[sdk=iphoneos*]" = "iPhone Developer";
				COPY_PHASE_STRIP = NO;
				DEBUG_INFORMATION_FORMAT = dwarf;
				ENABLE_STRICT_OBJC_MSGSEND = YES;
				ENABLE_TESTABILITY = YES;
				GCC_C_LANGUAGE_STANDARD = gnu99;
				GCC_DYNAMIC_NO_PIC = NO;
				GCC_NO_COMMON_BLOCKS = YES;
				GCC_OPTIMIZATION_LEVEL = 0;
				GCC_PREPROCESSOR_DEFINITIONS = (
					"DEBUG=1",
					"$(inherited)",
				);
				GCC_WARN_64_TO_32_BIT_CONVERSION = YES;
				GCC_WARN_ABOUT_RETURN_TYPE = YES_ERROR;
				GCC_WARN_UNDECLARED_SELECTOR = YES;
				GCC_WARN_UNINITIALIZED_AUTOS = YES_AGGRESSIVE;
				GCC_WARN_UNUSED_FUNCTION = YES;
				GCC_WARN_UNUSED_VARIABLE = YES;
				IPHONEOS_DEPLOYMENT_TARGET = 10.3;
				MTL_ENABLE_DEBUG_INFO = YES;
				ONLY_ACTIVE_ARCH = YES;
				SDKROOT = iphoneos;
				SWIFT_ACTIVE_COMPILATION_CONDITIONS = DEBUG;
				SWIFT_OPTIMIZATION_LEVEL = "-Onone";
				TARGETED_DEVICE_FAMILY = "1,2";
			};
			name = Debug;
		};
		040F7B881F0BC4C200BC3B51 /* Release */ = {
			isa = XCBuildConfiguration;
			buildSettings = {
				ALWAYS_SEARCH_USER_PATHS = NO;
				CLANG_ANALYZER_NONNULL = YES;
				CLANG_ANALYZER_NUMBER_OBJECT_CONVERSION = YES_AGGRESSIVE;
				CLANG_CXX_LANGUAGE_STANDARD = "gnu++0x";
				CLANG_CXX_LIBRARY = "libc++";
				CLANG_ENABLE_MODULES = YES;
				CLANG_ENABLE_OBJC_ARC = YES;
				CLANG_WARN_BOOL_CONVERSION = YES;
				CLANG_WARN_CONSTANT_CONVERSION = YES;
				CLANG_WARN_DIRECT_OBJC_ISA_USAGE = YES_ERROR;
				CLANG_WARN_DOCUMENTATION_COMMENTS = YES;
				CLANG_WARN_EMPTY_BODY = YES;
				CLANG_WARN_ENUM_CONVERSION = YES;
				CLANG_WARN_INFINITE_RECURSION = YES;
				CLANG_WARN_INT_CONVERSION = YES;
				CLANG_WARN_OBJC_ROOT_CLASS = YES_ERROR;
				CLANG_WARN_SUSPICIOUS_MOVE = YES;
				CLANG_WARN_UNREACHABLE_CODE = YES;
				CLANG_WARN__DUPLICATE_METHOD_MATCH = YES;
				"CODE_SIGN_IDENTITY[sdk=iphoneos*]" = "iPhone Developer";
				COPY_PHASE_STRIP = NO;
				DEBUG_INFORMATION_FORMAT = "dwarf-with-dsym";
				ENABLE_NS_ASSERTIONS = NO;
				ENABLE_STRICT_OBJC_MSGSEND = YES;
				GCC_C_LANGUAGE_STANDARD = gnu99;
				GCC_NO_COMMON_BLOCKS = YES;
				GCC_WARN_64_TO_32_BIT_CONVERSION = YES;
				GCC_WARN_ABOUT_RETURN_TYPE = YES_ERROR;
				GCC_WARN_UNDECLARED_SELECTOR = YES;
				GCC_WARN_UNINITIALIZED_AUTOS = YES_AGGRESSIVE;
				GCC_WARN_UNUSED_FUNCTION = YES;
				GCC_WARN_UNUSED_VARIABLE = YES;
				IPHONEOS_DEPLOYMENT_TARGET = 10.3;
				MTL_ENABLE_DEBUG_INFO = NO;
				SDKROOT = iphoneos;
				SWIFT_OPTIMIZATION_LEVEL = "-Owholemodule";
				TARGETED_DEVICE_FAMILY = "1,2";
				VALIDATE_PRODUCT = YES;
			};
			name = Release;
		};
		040F7B8A1F0BC4C200BC3B51 /* Debug */ = {
			isa = XCBuildConfiguration;
			buildSettings = {
				ALWAYS_EMBED_SWIFT_STANDARD_LIBRARIES = YES;
				ASSETCATALOG_COMPILER_APPICON_NAME = AppIcon;
				DEVELOPMENT_TEAM = V7466QEVQE;
				INFOPLIST_FILE = myOwnCustomKeyboard/Info.plist;
				LD_RUNPATH_SEARCH_PATHS = "$(inherited) @executable_path/Frameworks";
				PRODUCT_BUNDLE_IDENTIFIER = tw.chang.myOwnCustomKeyboard;
				PRODUCT_NAME = "$(TARGET_NAME)";
				SWIFT_VERSION = 3.0;
			};
			name = Debug;
		};
		040F7B8B1F0BC4C200BC3B51 /* Release */ = {
			isa = XCBuildConfiguration;
			buildSettings = {
				ALWAYS_EMBED_SWIFT_STANDARD_LIBRARIES = YES;
				ASSETCATALOG_COMPILER_APPICON_NAME = AppIcon;
				DEVELOPMENT_TEAM = V7466QEVQE;
				INFOPLIST_FILE = myOwnCustomKeyboard/Info.plist;
				LD_RUNPATH_SEARCH_PATHS = "$(inherited) @executable_path/Frameworks";
				PRODUCT_BUNDLE_IDENTIFIER = tw.chang.myOwnCustomKeyboard;
				PRODUCT_NAME = "$(TARGET_NAME)";
				SWIFT_VERSION = 3.0;
			};
			name = Release;
		};
		040F7B991F0BC5BF00BC3B51 /* Debug */ = {
			isa = XCBuildConfiguration;
			buildSettings = {
				DEVELOPMENT_TEAM = V7466QEVQE;
				INFOPLIST_FILE = myCustomKey/Info.plist;
				LD_RUNPATH_SEARCH_PATHS = "$(inherited) @executable_path/Frameworks @executable_path/../../Frameworks";
				PRODUCT_BUNDLE_IDENTIFIER = tw.chang.myOwnCustomKeyboard.myCustomKey;
				PRODUCT_NAME = "$(TARGET_NAME)";
				SKIP_INSTALL = YES;
				SWIFT_VERSION = 3.0;
			};
			name = Debug;
		};
		040F7B9A1F0BC5BF00BC3B51 /* Release */ = {
			isa = XCBuildConfiguration;
			buildSettings = {
				DEVELOPMENT_TEAM = V7466QEVQE;
				INFOPLIST_FILE = myCustomKey/Info.plist;
				LD_RUNPATH_SEARCH_PATHS = "$(inherited) @executable_path/Frameworks @executable_path/../../Frameworks";
				PRODUCT_BUNDLE_IDENTIFIER = tw.chang.myOwnCustomKeyboard.myCustomKey;
				PRODUCT_NAME = "$(TARGET_NAME)";
				SKIP_INSTALL = YES;
				SWIFT_VERSION = 3.0;
			};
			name = Release;
		};
/* End XCBuildConfiguration section */

/* Begin XCConfigurationList section */
		040F7B6F1F0BC4C200BC3B51 /* Build configuration list for PBXProject "myOwnCustomKeyboard" */ = {
			isa = XCConfigurationList;
			buildConfigurations = (
				040F7B871F0BC4C200BC3B51 /* Debug */,
				040F7B881F0BC4C200BC3B51 /* Release */,
			);
			defaultConfigurationIsVisible = 0;
			defaultConfigurationName = Release;
		};
		040F7B891F0BC4C200BC3B51 /* Build configuration list for PBXNativeTarget "myOwnCustomKeyboard" */ = {
			isa = XCConfigurationList;
			buildConfigurations = (
				040F7B8A1F0BC4C200BC3B51 /* Debug */,
				040F7B8B1F0BC4C200BC3B51 /* Release */,
			);
			defaultConfigurationIsVisible = 0;
		};
		040F7B981F0BC5BF00BC3B51 /* Build configuration list for PBXNativeTarget "myCustomKey" */ = {
			isa = XCConfigurationList;
			buildConfigurations = (
				040F7B991F0BC5BF00BC3B51 /* Debug */,
				040F7B9A1F0BC5BF00BC3B51 /* Release */,
			);
			defaultConfigurationIsVisible = 0;
		};
/* End XCConfigurationList section */

/* Begin XCVersionGroup section */
		040F7B7E1F0BC4C200BC3B51 /* myOwnCustomKeyboard.xcdatamodeld */ = {
			isa = XCVersionGroup;
			children = (
				040F7B7F1F0BC4C200BC3B51 /* myOwnCustomKeyboard.xcdatamodel */,
			);
			currentVersion = 040F7B7F1F0BC4C200BC3B51 /* myOwnCustomKeyboard.xcdatamodel */;
			path = myOwnCustomKeyboard.xcdatamodeld;
			sourceTree = "<group>";
			versionGroupType = wrapper.xcdatamodel;
		};
/* End XCVersionGroup section */
	};
	rootObject = 040F7B6C1F0BC4C200BC3B51 /* Project object */;
}
