// !$*UTF8*$!
{
	archiveVersion = 1;
	classes = {
	};
	objectVersion = 46;
	objects = {

/* Begin PBXBuildFile section */
		04CC4ED81F0BBE8900395ABE /* AppDelegate.swift in Sources */ = {isa = PBXBuildFile; fileRef = 04CC4ED71F0BBE8900395ABE /* AppDelegate.swift */; };
		04CC4EDA1F0BBE8900395ABE /* ViewController.swift in Sources */ = {isa = PBXBuildFile; fileRef = 04CC4ED91F0BBE8900395ABE /* ViewController.swift */; };
		04CC4EDD1F0BBE8900395ABE /* Main.storyboard in Resources */ = {isa = PBXBuildFile; fileRef = 04CC4EDB1F0BBE8900395ABE /* Main.storyboard */; };
		04CC4EE01F0BBE8900395ABE /* myOwnTouchID.xcdatamodeld in Sources */ = {isa = PBXBuildFile; fileRef = 04CC4EDE1F0BBE8900395ABE /* myOwnTouchID.xcdatamodeld */; };
		04CC4EE21F0BBE8900395ABE /* Assets.xcassets in Resources */ = {isa = PBXBuildFile; fileRef = 04CC4EE11F0BBE8900395ABE /* Assets.xcassets */; };
		04CC4EE51F0BBE8900395ABE /* LaunchScreen.storyboard in Resources */ = {isa = PBXBuildFile; fileRef = 04CC4EE31F0BBE8900395ABE /* LaunchScreen.storyboard */; };
/* End PBXBuildFile section */

/* Begin PBXFileReference section */
		04CC4ED41F0BBE8900395ABE /* myOwnTouchID.app */ = {isa = PBXFileReference; explicitFileType = wrapper.application; includeInIndex = 0; path = myOwnTouchID.app; sourceTree = BUILT_PRODUCTS_DIR; };
		04CC4ED71F0BBE8900395ABE /* AppDelegate.swift */ = {isa = PBXFileReference; lastKnownFileType = sourcecode.swift; path = AppDelegate.swift; sourceTree = "<group>"; };
		04CC4ED91F0BBE8900395ABE /* ViewController.swift */ = {isa = PBXFileReference; lastKnownFileType = sourcecode.swift; path = ViewController.swift; sourceTree = "<group>"; };
		04CC4EDC1F0BBE8900395ABE /* Base */ = {isa = PBXFileReference; lastKnownFileType = file.storyboard; name = Base; path = Base.lproj/Main.storyboard; sourceTree = "<group>"; };
		04CC4EDF1F0BBE8900395ABE /* myOwnTouchID.xcdatamodel */ = {isa = PBXFileReference; lastKnownFileType = wrapper.xcdatamodel; path = myOwnTouchID.xcdatamodel; sourceTree = "<group>"; };
		04CC4EE11F0BBE8900395ABE /* Assets.xcassets */ = {isa = PBXFileReference; lastKnownFileType = folder.assetcatalog; path = Assets.xcassets; sourceTree = "<group>"; };
		04CC4EE41F0BBE8900395ABE /* Base */ = {isa = PBXFileReference; lastKnownFileType = file.storyboard; name = Base; path = Base.lproj/LaunchScreen.storyboard; sourceTree = "<group>"; };
		04CC4EE61F0BBE8900395ABE /* Info.plist */ = {isa = PBXFileReference; lastKnownFileType = text.plist.xml; path = Info.plist; sourceTree = "<group>"; };
/* End PBXFileReference section */

/* Begin PBXFrameworksBuildPhase section */
		04CC4ED11F0BBE8900395ABE /* Frameworks */ = {
			isa = PBXFrameworksBuildPhase;
			buildActionMask = 2147483647;
			files = (
			);
			runOnlyForDeploymentPostprocessing = 0;
		};
/* End PBXFrameworksBuildPhase section */

/* Begin PBXGroup section */
		04CC4ECB1F0BBE8900395ABE = {
			isa = PBXGroup;
			children = (
				04CC4ED61F0BBE8900395ABE /* myOwnTouchID */,
				04CC4ED51F0BBE8900395ABE /* Products */,
			);
			sourceTree = "<group>";
		};
		04CC4ED51F0BBE8900395ABE /* Products */ = {
			isa = PBXGroup;
			children = (
				04CC4ED41F0BBE8900395ABE /* myOwnTouchID.app */,
			);
			name = Products;
			sourceTree = "<group>";
		};
		04CC4ED61F0BBE8900395ABE /* myOwnTouchID */ = {
			isa = PBXGroup;
			children = (
				04CC4ED71F0BBE8900395ABE /* AppDelegate.swift */,
				04CC4ED91F0BBE8900395ABE /* ViewController.swift */,
				04CC4EDB1F0BBE8900395ABE /* Main.storyboard */,
				04CC4EE11F0BBE8900395ABE /* Assets.xcassets */,
				04CC4EE31F0BBE8900395ABE /* LaunchScreen.storyboard */,
				04CC4EE61F0BBE8900395ABE /* Info.plist */,
				04CC4EDE1F0BBE8900395ABE /* myOwnTouchID.xcdatamodeld */,
			);
			path = myOwnTouchID;
			sourceTree = "<group>";
		};
/* End PBXGroup section */

/* Begin PBXNativeTarget section */
		04CC4ED31F0BBE8900395ABE /* myOwnTouchID */ = {
			isa = PBXNativeTarget;
			buildConfigurationList = 04CC4EE91F0BBE8900395ABE /* Build configuration list for PBXNativeTarget "myOwnTouchID" */;
			buildPhases = (
				04CC4ED01F0BBE8900395ABE /* Sources */,
				04CC4ED11F0BBE8900395ABE /* Frameworks */,
				04CC4ED21F0BBE8900395ABE /* Resources */,
			);
			buildRules = (
			);
			dependencies = (
			);
			name = myOwnTouchID;
			productName = myOwnTouchID;
			productReference = 04CC4ED41F0BBE8900395ABE /* myOwnTouchID.app */;
			productType = "com.apple.product-type.application";
		};
/* End PBXNativeTarget section */

/* Begin PBXProject section */
		04CC4ECC1F0BBE8900395ABE /* Project object */ = {
			isa = PBXProject;
			attributes = {
				LastSwiftUpdateCheck = 0830;
				LastUpgradeCheck = 0830;
				ORGANIZATIONNAME = chang;
				TargetAttributes = {
					04CC4ED31F0BBE8900395ABE = {
						CreatedOnToolsVersion = 8.3.2;
						DevelopmentTeam = V7466QEVQE;
						ProvisioningStyle = Automatic;
					};
				};
			};
			buildConfigurationList = 04CC4ECF1F0BBE8900395ABE /* Build configuration list for PBXProject "myOwnTouchID" */;
			compatibilityVersion = "Xcode 3.2";
			developmentRegion = English;
			hasScannedForEncodings = 0;
			knownRegions = (
				en,
				Base,
			);
			mainGroup = 04CC4ECB1F0BBE8900395ABE;
			productRefGroup = 04CC4ED51F0BBE8900395ABE /* Products */;
			projectDirPath = "";
			projectRoot = "";
			targets = (
				04CC4ED31F0BBE8900395ABE /* myOwnTouchID */,
			);
		};
/* End PBXProject section */

/* Begin PBXResourcesBuildPhase section */
		04CC4ED21F0BBE8900395ABE /* Resources */ = {
			isa = PBXResourcesBuildPhase;
			buildActionMask = 2147483647;
			files = (
				04CC4EE51F0BBE8900395ABE /* LaunchScreen.storyboard in Resources */,
				04CC4EE21F0BBE8900395ABE /* Assets.xcassets in Resources */,
				04CC4EDD1F0BBE8900395ABE /* Main.storyboard in Resources */,
			);
			runOnlyForDeploymentPostprocessing = 0;
		};
/* End PBXResourcesBuildPhase section */

/* Begin PBXSourcesBuildPhase section */
		04CC4ED01F0BBE8900395ABE /* Sources */ = {
			isa = PBXSourcesBuildPhase;
			buildActionMask = 2147483647;
			files = (
				04CC4EDA1F0BBE8900395ABE /* ViewController.swift in Sources */,
				04CC4ED81F0BBE8900395ABE /* AppDelegate.swift in Sources */,
				04CC4EE01F0BBE8900395ABE /* myOwnTouchID.xcdatamodeld in Sources */,
			);
			runOnlyForDeploymentPostprocessing = 0;
		};
/* End PBXSourcesBuildPhase section */

/* Begin PBXVariantGroup section */
		04CC4EDB1F0BBE8900395ABE /* Main.storyboard */ = {
			isa = PBXVariantGroup;
			children = (
				04CC4EDC1F0BBE8900395ABE /* Base */,
			);
			name = Main.storyboard;
			sourceTree = "<group>";
		};
		04CC4EE31F0BBE8900395ABE /* LaunchScreen.storyboard */ = {
			isa = PBXVariantGroup;
			children = (
				04CC4EE41F0BBE8900395ABE /* Base */,
			);
			name = LaunchScreen.storyboard;
			sourceTree = "<group>";
		};
/* End PBXVariantGroup section */

/* Begin XCBuildConfiguration section */
		04CC4EE71F0BBE8900395ABE /* Debug */ = {
			isa = XCBuildConfiguration;
			buildSettings = {
				ALWAYS_SEARCH_USER_PATHS = NO;
				CLANG_ANALYZER_NONNULL = YES;
				CLANG_ANALYZER_NUMBER_OBJECT_CONVERSION = YES_AGGRESSIVE;
				CLANG_CXX_LANGUAGE_STANDARD = "gnu++0x";
				CLANG_CXX_LIBRARY = "libc++";
				CLANG_ENABLE_MODULES = YES;
				CLANG_ENABLE_OBJC_ARC = YES;
				CLANG_WARN_BOOL_CONVERSION = YES;
				CLANG_WARN_CONSTANT_CONVERSION = YES;
				CLANG_WARN_DIRECT_OBJC_ISA_USAGE = YES_ERROR;
				CLANG_WARN_DOCUMENTATION_COMMENTS = YES;
				CLANG_WARN_EMPTY_BODY = YES;
				CLANG_WARN_ENUM_CONVERSION = YES;
				CLANG_WARN_INFINITE_RECURSION = YES;
				CLANG_WARN_INT_CONVERSION = YES;
				CLANG_WARN_OBJC_ROOT_CLASS = YES_ERROR;
				CLANG_WARN_SUSPICIOUS_MOVE = YES;
				CLANG_WARN_UNREACHABLE_CODE = YES;
				CLANG_WARN__DUPLICATE_METHOD_MATCH = YES;
				"CODE_SIGN_IDENTITY[sdk=iphoneos*]" = "iPhone Developer";
				COPY_PHASE_STRIP = NO;
				DEBUG_INFORMATION_FORMAT = dwarf;
				ENABLE_STRICT_OBJC_MSGSEND = YES;
				ENABLE_TESTABILITY = YES;
				GCC_C_LANGUAGE_STANDARD = gnu99;
				GCC_DYNAMIC_NO_PIC = NO;
				GCC_NO_COMMON_BLOCKS = YES;
				GCC_OPTIMIZATION_LEVEL = 0;
				GCC_PREPROCESSOR_DEFINITIONS = (
					"DEBUG=1",
					"$(inherited)",
				);
				GCC_WARN_64_TO_32_BIT_CONVERSION = YES;
				GCC_WARN_ABOUT_RETURN_TYPE = YES_ERROR;
				GCC_WARN_UNDECLARED_SELECTOR = YES;
				GCC_WARN_UNINITIALIZED_AUTOS = YES_AGGRESSIVE;
				GCC_WARN_UNUSED_FUNCTION = YES;
				GCC_WARN_UNUSED_VARIABLE = YES;
				IPHONEOS_DEPLOYMENT_TARGET = 10.3;
				MTL_ENABLE_DEBUG_INFO = YES;
				ONLY_ACTIVE_ARCH = YES;
				SDKROOT = iphoneos;
				SWIFT_ACTIVE_COMPILATION_CONDITIONS = DEBUG;
				SWIFT_OPTIMIZATION_LEVEL = "-Onone";
				TARGETED_DEVICE_FAMILY = "1,2";
			};
			name = Debug;
		};
		04CC4EE81F0BBE8900395ABE /* Release */ = {
			isa = XCBuildConfiguration;
			buildSettings = {
				ALWAYS_SEARCH_USER_PATHS = NO;
				CLANG_ANALYZER_NONNULL = YES;
				CLANG_ANALYZER_NUMBER_OBJECT_CONVERSION = YES_AGGRESSIVE;
				CLANG_CXX_LANGUAGE_STANDARD = "gnu++0x";
				CLANG_CXX_LIBRARY = "libc++";
				CLANG_ENABLE_MODULES = YES;
				CLANG_ENABLE_OBJC_ARC = YES;
				CLANG_WARN_BOOL_CONVERSION = YES;
				CLANG_WARN_CONSTANT_CONVERSION = YES;
				CLANG_WARN_DIRECT_OBJC_ISA_USAGE = YES_ERROR;
				CLANG_WARN_DOCUMENTATION_COMMENTS = YES;
				CLANG_WARN_EMPTY_BODY = YES;
				CLANG_WARN_ENUM_CONVERSION = YES;
				CLANG_WARN_INFINITE_RECURSION = YES;
				CLANG_WARN_INT_CONVERSION = YES;
				CLANG_WARN_OBJC_ROOT_CLASS = YES_ERROR;
				CLANG_WARN_SUSPICIOUS_MOVE = YES;
				CLANG_WARN_UNREACHABLE_CODE = YES;
				CLANG_WARN__DUPLICATE_METHOD_MATCH = YES;
				"CODE_SIGN_IDENTITY[sdk=iphoneos*]" = "iPhone Developer";
				COPY_PHASE_STRIP = NO;
				DEBUG_INFORMATION_FORMAT = "dwarf-with-dsym";
				ENABLE_NS_ASSERTIONS = NO;
				ENABLE_STRICT_OBJC_MSGSEND = YES;
				GCC_C_LANGUAGE_STANDARD = gnu99;
				GCC_NO_COMMON_BLOCKS = YES;
				GCC_WARN_64_TO_32_BIT_CONVERSION = YES;
				GCC_WARN_ABOUT_RETURN_TYPE = YES_ERROR;
				GCC_WARN_UNDECLARED_SELECTOR = YES;
				GCC_WARN_UNINITIALIZED_AUTOS = YES_AGGRESSIVE;
				GCC_WARN_UNUSED_FUNCTION = YES;
				GCC_WARN_UNUSED_VARIABLE = YES;
				IPHONEOS_DEPLOYMENT_TARGET = 10.3;
				MTL_ENABLE_DEBUG_INFO = NO;
				SDKROOT = iphoneos;
				SWIFT_OPTIMIZATION_LEVEL = "-Owholemodule";
				TARGETED_DEVICE_FAMILY = "1,2";
				VALIDATE_PRODUCT = YES;
			};
			name = Release;
		};
		04CC4EEA1F0BBE8900395ABE /* Debug */ = {
			isa = XCBuildConfiguration;
			buildSettings = {
				ASSETCATALOG_COMPILER_APPICON_NAME = AppIcon;
				DEVELOPMENT_TEAM = V7466QEVQE;
				INFOPLIST_FILE = myOwnTouchID/Info.plist;
				LD_RUNPATH_SEARCH_PATHS = "$(inherited) @executable_path/Frameworks";
				PRODUCT_BUNDLE_IDENTIFIER = tw.chang.myOwnTouchID;
				PRODUCT_NAME = "$(TARGET_NAME)";
				SWIFT_VERSION = 3.0;
			};
			name = Debug;
		};
		04CC4EEB1F0BBE8900395ABE /* Release */ = {
			isa = XCBuildConfiguration;
			buildSettings = {
				ASSETCATALOG_COMPILER_APPICON_NAME = AppIcon;
				DEVELOPMENT_TEAM = V7466QEVQE;
				INFOPLIST_FILE = myOwnTouchID/Info.plist;
				LD_RUNPATH_SEARCH_PATHS = "$(inherited) @executable_path/Frameworks";
				PRODUCT_BUNDLE_IDENTIFIER = tw.chang.myOwnTouchID;
				PRODUCT_NAME = "$(TARGET_NAME)";
				SWIFT_VERSION = 3.0;
			};
			name = Release;
		};
/* End XCBuildConfiguration section */

/* Begin XCConfigurationList section */
		04CC4ECF1F0BBE8900395ABE /* Build configuration list for PBXProject "myOwnTouchID" */ = {
			isa = XCConfigurationList;
			buildConfigurations = (
				04CC4EE71F0BBE8900395ABE /* Debug */,
				04CC4EE81F0BBE8900395ABE /* Release */,
			);
			defaultConfigurationIsVisible = 0;
			defaultConfigurationName = Release;
		};
		04CC4EE91F0BBE8900395ABE /* Build configuration list for PBXNativeTarget "myOwnTouchID" */ = {
			isa = XCConfigurationList;
			buildConfigurations = (
				04CC4EEA1F0BBE8900395ABE /* Debug */,
				04CC4EEB1F0BBE8900395ABE /* Release */,
			);
			defaultConfigurationIsVisible = 0;
		};
/* End XCConfigurationList section */

/* Begin XCVersionGroup section */
		04CC4EDE1F0BBE8900395ABE /* myOwnTouchID.xcdatamodeld */ = {
			isa = XCVersionGroup;
			children = (
				04CC4EDF1F0BBE8900395ABE /* myOwnTouchID.xcdatamodel */,
			);
			currentVersion = 04CC4EDF1F0BBE8900395ABE /* myOwnTouchID.xcdatamodel */;
			path = myOwnTouchID.xcdatamodeld;
			sourceTree = "<group>";
			versionGroupType = wrapper.xcdatamodel;
		};
/* End XCVersionGroup section */
	};
	rootObject = 04CC4ECC1F0BBE8900395ABE /* Project object */;
}
